
Microsoft Visual Studio Solution File, Format Version 12.00
# Visual Studio 15
VisualStudioVersion = 15.0.27130.2010
MinimumVisualStudioVersion = 10.0.40219.1
Project("{FAE04EC0-301F-11D3-BF4B-00C04F79EFBC}") = "T_035_BinaryWriter", "T_035_BinaryWriter\T_035_BinaryWriter.csproj", "{62120F52-1E22-4199-A600-A05EF0174BBE}"
EndProject
Global
	GlobalSection(SolutionConfigurationPlatforms) = preSolution
		Debug|Any CPU = Debug|Any CPU
		Release|Any CPU = Release|Any CPU
	EndGlobalSection
	GlobalSection(ProjectConfigurationPlatforms) = postSolution
		{62120F52-1E22-4199-A600-A05EF0174BBE}.Debug|Any CPU.ActiveCfg = Debug|Any CPU
		{62120F52-1E22-4199-A600-A05EF0174BBE}.Debug|Any CPU.Build.0 = Debug|Any CPU
		{62120F52-1E22-4199-A600-A05EF0174BBE}.Release|Any CPU.ActiveCfg = Release|Any CPU
		{62120F52-1E22-4199-A600-A05EF0174BBE}.Release|Any CPU.Build.0 = Release|Any CPU
	EndGlobalSection
	GlobalSection(SolutionProperties) = preSolution
		HideSolutionNode = FALSE
	EndGlobalSection
	GlobalSection(ExtensibilityGlobals) = postSolution
		SolutionGuid = {1FF15046-3FB0-40E1-9E30-1CD48BE72F88}
	EndGlobalSection
EndGlobal
