
Microsoft Visual Studio Solution File, Format Version 12.00
# Visual Studio 15
VisualStudioVersion = 15.0.27130.2010
MinimumVisualStudioVersion = 10.0.40219.1
Project("{FAE04EC0-301F-11D3-BF4B-00C04F79EFBC}") = "T_000_48_Conditional_Directives", "T_000_48_Conditional_Directives\T_000_48_Conditional_Directives.csproj", "{B7A9A582-A317-4DFA-B9D4-AC0BE4BC3221}"
EndProject
Global
	GlobalSection(SolutionConfigurationPlatforms) = preSolution
		Debug|Any CPU = Debug|Any CPU
		Release|Any CPU = Release|Any CPU
	EndGlobalSection
	GlobalSection(ProjectConfigurationPlatforms) = postSolution
		{B7A9A582-A317-4DFA-B9D4-AC0BE4BC3221}.Debug|Any CPU.ActiveCfg = Debug|Any CPU
		{B7A9A582-A317-4DFA-B9D4-AC0BE4BC3221}.Debug|Any CPU.Build.0 = Debug|Any CPU
		{B7A9A582-A317-4DFA-B9D4-AC0BE4BC3221}.Release|Any CPU.ActiveCfg = Release|Any CPU
		{B7A9A582-A317-4DFA-B9D4-AC0BE4BC3221}.Release|Any CPU.Build.0 = Release|Any CPU
	EndGlobalSection
	GlobalSection(SolutionProperties) = preSolution
		HideSolutionNode = FALSE
	EndGlobalSection
	GlobalSection(ExtensibilityGlobals) = postSolution
		SolutionGuid = {20904A58-9C06-4636-8ECA-C7A43F072842}
	EndGlobalSection
EndGlobal
