
Microsoft Visual Studio Solution File, Format Version 12.00
# Visual Studio 15
VisualStudioVersion = 15.0.27130.2010
MinimumVisualStudioVersion = 10.0.40219.1
Project("{FAE04EC0-301F-11D3-BF4B-00C04F79EFBC}") = "T_096_Paint_Program", "T_096_Paint_Program\T_096_Paint_Program.csproj", "{BEC8BC40-9602-4E2C-B3D6-2FB065F938E8}"
EndProject
Global
	GlobalSection(SolutionConfigurationPlatforms) = preSolution
		Debug|Any CPU = Debug|Any CPU
		Release|Any CPU = Release|Any CPU
	EndGlobalSection
	GlobalSection(ProjectConfigurationPlatforms) = postSolution
		{BEC8BC40-9602-4E2C-B3D6-2FB065F938E8}.Debug|Any CPU.ActiveCfg = Debug|Any CPU
		{BEC8BC40-9602-4E2C-B3D6-2FB065F938E8}.Debug|Any CPU.Build.0 = Debug|Any CPU
		{BEC8BC40-9602-4E2C-B3D6-2FB065F938E8}.Release|Any CPU.ActiveCfg = Release|Any CPU
		{BEC8BC40-9602-4E2C-B3D6-2FB065F938E8}.Release|Any CPU.Build.0 = Release|Any CPU
	EndGlobalSection
	GlobalSection(SolutionProperties) = preSolution
		HideSolutionNode = FALSE
	EndGlobalSection
	GlobalSection(ExtensibilityGlobals) = postSolution
		SolutionGuid = {435A5D21-789A-4B70-999C-64C680433FCC}
	EndGlobalSection
EndGlobal
