
Microsoft Visual Studio Solution File, Format Version 12.00
# Visual Studio 15
VisualStudioVersion = 15.0.27130.2010
MinimumVisualStudioVersion = 10.0.40219.1
Project("{FAE04EC0-301F-11D3-BF4B-00C04F79EFBC}") = "T_000_51_Regular_Expressions_Example3", "T_000_51_Regular_Expressions_Example3\T_000_51_Regular_Expressions_Example3.csproj", "{ABAD3D49-BFA0-424B-892F-6B6D6B4160E2}"
EndProject
Global
	GlobalSection(SolutionConfigurationPlatforms) = preSolution
		Debug|Any CPU = Debug|Any CPU
		Release|Any CPU = Release|Any CPU
	EndGlobalSection
	GlobalSection(ProjectConfigurationPlatforms) = postSolution
		{ABAD3D49-BFA0-424B-892F-6B6D6B4160E2}.Debug|Any CPU.ActiveCfg = Debug|Any CPU
		{ABAD3D49-BFA0-424B-892F-6B6D6B4160E2}.Debug|Any CPU.Build.0 = Debug|Any CPU
		{ABAD3D49-BFA0-424B-892F-6B6D6B4160E2}.Release|Any CPU.ActiveCfg = Release|Any CPU
		{ABAD3D49-BFA0-424B-892F-6B6D6B4160E2}.Release|Any CPU.Build.0 = Release|Any CPU
	EndGlobalSection
	GlobalSection(SolutionProperties) = preSolution
		HideSolutionNode = FALSE
	EndGlobalSection
	GlobalSection(ExtensibilityGlobals) = postSolution
		SolutionGuid = {4FE4E784-4ED3-4781-9DC8-3376CDBEF1FA}
	EndGlobalSection
EndGlobal
