
Microsoft Visual Studio Solution File, Format Version 12.00
# Visual Studio 15
VisualStudioVersion = 15.0.27130.2010
MinimumVisualStudioVersion = 10.0.40219.1
Project("{FAE04EC0-301F-11D3-BF4B-00C04F79EFBC}") = "T_065_WPF_3D_Graphics", "T_065_WPF_3D_Graphics\T_065_WPF_3D_Graphics.csproj", "{DA915966-234E-4E7D-8918-F3FC30568919}"
EndProject
Global
	GlobalSection(SolutionConfigurationPlatforms) = preSolution
		Debug|Any CPU = Debug|Any CPU
		Release|Any CPU = Release|Any CPU
	EndGlobalSection
	GlobalSection(ProjectConfigurationPlatforms) = postSolution
		{DA915966-234E-4E7D-8918-F3FC30568919}.Debug|Any CPU.ActiveCfg = Debug|Any CPU
		{DA915966-234E-4E7D-8918-F3FC30568919}.Debug|Any CPU.Build.0 = Debug|Any CPU
		{DA915966-234E-4E7D-8918-F3FC30568919}.Release|Any CPU.ActiveCfg = Release|Any CPU
		{DA915966-234E-4E7D-8918-F3FC30568919}.Release|Any CPU.Build.0 = Release|Any CPU
	EndGlobalSection
	GlobalSection(SolutionProperties) = preSolution
		HideSolutionNode = FALSE
	EndGlobalSection
	GlobalSection(ExtensibilityGlobals) = postSolution
		SolutionGuid = {C39E0E42-E5A4-441B-9354-888EBC82BC6F}
	EndGlobalSection
EndGlobal
