
Microsoft Visual Studio Solution File, Format Version 12.00
# Visual Studio 15
VisualStudioVersion = 15.0.27130.2010
MinimumVisualStudioVersion = 10.0.40219.1
Project("{FAE04EC0-301F-11D3-BF4B-00C04F79EFBC}") = "T_113_Make_A_Class_For_A_Foreach_Loop", "T_113_Make_A_Class_For_A_Foreach_Loop\T_113_Make_A_Class_For_A_Foreach_Loop.csproj", "{28AF3EE5-82A2-4968-B57A-A95D913EE95B}"
EndProject
Global
	GlobalSection(SolutionConfigurationPlatforms) = preSolution
		Debug|Any CPU = Debug|Any CPU
		Release|Any CPU = Release|Any CPU
	EndGlobalSection
	GlobalSection(ProjectConfigurationPlatforms) = postSolution
		{28AF3EE5-82A2-4968-B57A-A95D913EE95B}.Debug|Any CPU.ActiveCfg = Debug|Any CPU
		{28AF3EE5-82A2-4968-B57A-A95D913EE95B}.Debug|Any CPU.Build.0 = Debug|Any CPU
		{28AF3EE5-82A2-4968-B57A-A95D913EE95B}.Release|Any CPU.ActiveCfg = Release|Any CPU
		{28AF3EE5-82A2-4968-B57A-A95D913EE95B}.Release|Any CPU.Build.0 = Release|Any CPU
	EndGlobalSection
	GlobalSection(SolutionProperties) = preSolution
		HideSolutionNode = FALSE
	EndGlobalSection
	GlobalSection(ExtensibilityGlobals) = postSolution
		SolutionGuid = {EB0D0485-F394-499E-9DBC-8CE905F92103}
	EndGlobalSection
EndGlobal
