
Microsoft Visual Studio Solution File, Format Version 12.00
# Visual Studio 15
VisualStudioVersion = 15.0.27130.2010
MinimumVisualStudioVersion = 10.0.40219.1
Project("{FAE04EC0-301F-11D3-BF4B-00C04F79EFBC}") = "T_116_Preprocessor_Directives", "T_116_Preprocessor_Directives\T_116_Preprocessor_Directives.csproj", "{626A17FA-B32A-4AD1-9409-1DD1819978DA}"
EndProject
Global
	GlobalSection(SolutionConfigurationPlatforms) = preSolution
		Debug|Any CPU = Debug|Any CPU
		Release|Any CPU = Release|Any CPU
	EndGlobalSection
	GlobalSection(ProjectConfigurationPlatforms) = postSolution
		{626A17FA-B32A-4AD1-9409-1DD1819978DA}.Debug|Any CPU.ActiveCfg = Debug|Any CPU
		{626A17FA-B32A-4AD1-9409-1DD1819978DA}.Debug|Any CPU.Build.0 = Debug|Any CPU
		{626A17FA-B32A-4AD1-9409-1DD1819978DA}.Release|Any CPU.ActiveCfg = Release|Any CPU
		{626A17FA-B32A-4AD1-9409-1DD1819978DA}.Release|Any CPU.Build.0 = Release|Any CPU
	EndGlobalSection
	GlobalSection(SolutionProperties) = preSolution
		HideSolutionNode = FALSE
	EndGlobalSection
	GlobalSection(ExtensibilityGlobals) = postSolution
		SolutionGuid = {C69CC9F8-C9BE-499B-9408-632BB097389C}
	EndGlobalSection
EndGlobal
