
Microsoft Visual Studio Solution File, Format Version 12.00
# Visual Studio 15
VisualStudioVersion = 15.0.27130.2010
MinimumVisualStudioVersion = 10.0.40219.1
Project("{FAE04EC0-301F-11D3-BF4B-00C04F79EFBC}") = "T_029_Ternary_Operator", "T_029_Ternary_Operator\T_029_Ternary_Operator.csproj", "{F3264C7E-0EAE-4319-AFE7-4D2C1373EFD9}"
EndProject
Global
	GlobalSection(SolutionConfigurationPlatforms) = preSolution
		Debug|Any CPU = Debug|Any CPU
		Release|Any CPU = Release|Any CPU
	EndGlobalSection
	GlobalSection(ProjectConfigurationPlatforms) = postSolution
		{F3264C7E-0EAE-4319-AFE7-4D2C1373EFD9}.Debug|Any CPU.ActiveCfg = Debug|Any CPU
		{F3264C7E-0EAE-4319-AFE7-4D2C1373EFD9}.Debug|Any CPU.Build.0 = Debug|Any CPU
		{F3264C7E-0EAE-4319-AFE7-4D2C1373EFD9}.Release|Any CPU.ActiveCfg = Release|Any CPU
		{F3264C7E-0EAE-4319-AFE7-4D2C1373EFD9}.Release|Any CPU.Build.0 = Release|Any CPU
	EndGlobalSection
	GlobalSection(SolutionProperties) = preSolution
		HideSolutionNode = FALSE
	EndGlobalSection
	GlobalSection(ExtensibilityGlobals) = postSolution
		SolutionGuid = {80CF3B15-18AC-444E-B81F-EBA113D1A17A}
	EndGlobalSection
EndGlobal
