
Microsoft Visual Studio Solution File, Format Version 12.00
# Visual Studio 15
VisualStudioVersion = 15.0.27130.2010
MinimumVisualStudioVersion = 10.0.40219.1
Project("{FAE04EC0-301F-11D3-BF4B-00C04F79EFBC}") = "T_061_ColorDialog", "T_061_ColorDialog\T_061_ColorDialog.csproj", "{A09F33F3-F1AA-4CD0-8F53-0830D4446671}"
EndProject
Global
	GlobalSection(SolutionConfigurationPlatforms) = preSolution
		Debug|Any CPU = Debug|Any CPU
		Release|Any CPU = Release|Any CPU
	EndGlobalSection
	GlobalSection(ProjectConfigurationPlatforms) = postSolution
		{A09F33F3-F1AA-4CD0-8F53-0830D4446671}.Debug|Any CPU.ActiveCfg = Debug|Any CPU
		{A09F33F3-F1AA-4CD0-8F53-0830D4446671}.Debug|Any CPU.Build.0 = Debug|Any CPU
		{A09F33F3-F1AA-4CD0-8F53-0830D4446671}.Release|Any CPU.ActiveCfg = Release|Any CPU
		{A09F33F3-F1AA-4CD0-8F53-0830D4446671}.Release|Any CPU.Build.0 = Release|Any CPU
	EndGlobalSection
	GlobalSection(SolutionProperties) = preSolution
		HideSolutionNode = FALSE
	EndGlobalSection
	GlobalSection(ExtensibilityGlobals) = postSolution
		SolutionGuid = {AEBE605C-A5CD-40A2-B228-27416D48569D}
	EndGlobalSection
EndGlobal
