
Microsoft Visual Studio Solution File, Format Version 12.00
# Visual Studio 15
VisualStudioVersion = 15.0.27130.2010
MinimumVisualStudioVersion = 10.0.40219.1
Project("{FAE04EC0-301F-11D3-BF4B-00C04F79EFBC}") = "T_068_Multi_Document_Inteface", "T_068_Multi_Document_Inteface\T_068_Multi_Document_Inteface.csproj", "{2B9FB829-7672-410B-A31E-FE4FCBCBF6CB}"
EndProject
Global
	GlobalSection(SolutionConfigurationPlatforms) = preSolution
		Debug|Any CPU = Debug|Any CPU
		Release|Any CPU = Release|Any CPU
	EndGlobalSection
	GlobalSection(ProjectConfigurationPlatforms) = postSolution
		{2B9FB829-7672-410B-A31E-FE4FCBCBF6CB}.Debug|Any CPU.ActiveCfg = Debug|Any CPU
		{2B9FB829-7672-410B-A31E-FE4FCBCBF6CB}.Debug|Any CPU.Build.0 = Debug|Any CPU
		{2B9FB829-7672-410B-A31E-FE4FCBCBF6CB}.Release|Any CPU.ActiveCfg = Release|Any CPU
		{2B9FB829-7672-410B-A31E-FE4FCBCBF6CB}.Release|Any CPU.Build.0 = Release|Any CPU
	EndGlobalSection
	GlobalSection(SolutionProperties) = preSolution
		HideSolutionNode = FALSE
	EndGlobalSection
	GlobalSection(ExtensibilityGlobals) = postSolution
		SolutionGuid = {6CAE7AE8-2FC6-4372-A4D7-DB1707DFB5BC}
	EndGlobalSection
EndGlobal
