
Microsoft Visual Studio Solution File, Format Version 12.00
# Visual Studio 15
VisualStudioVersion = 15.0.27130.2010
MinimumVisualStudioVersion = 10.0.40219.1
Project("{FAE04EC0-301F-11D3-BF4B-00C04F79EFBC}") = "T_014_WPF_Datagrid", "T_014_WPF_Datagrid\T_014_WPF_Datagrid.csproj", "{B0B59183-A4A7-4DB8-B6D1-88CFFD9B8445}"
EndProject
Global
	GlobalSection(SolutionConfigurationPlatforms) = preSolution
		Debug|Any CPU = Debug|Any CPU
		Release|Any CPU = Release|Any CPU
	EndGlobalSection
	GlobalSection(ProjectConfigurationPlatforms) = postSolution
		{B0B59183-A4A7-4DB8-B6D1-88CFFD9B8445}.Debug|Any CPU.ActiveCfg = Debug|Any CPU
		{B0B59183-A4A7-4DB8-B6D1-88CFFD9B8445}.Debug|Any CPU.Build.0 = Debug|Any CPU
		{B0B59183-A4A7-4DB8-B6D1-88CFFD9B8445}.Release|Any CPU.ActiveCfg = Release|Any CPU
		{B0B59183-A4A7-4DB8-B6D1-88CFFD9B8445}.Release|Any CPU.Build.0 = Release|Any CPU
	EndGlobalSection
	GlobalSection(SolutionProperties) = preSolution
		HideSolutionNode = FALSE
	EndGlobalSection
	GlobalSection(ExtensibilityGlobals) = postSolution
		SolutionGuid = {ACD9527D-EC58-4137-B0EB-0C7FF4FCFAAB}
	EndGlobalSection
EndGlobal
