
Microsoft Visual Studio Solution File, Format Version 12.00
# Visual Studio 15
VisualStudioVersion = 15.0.27130.2010
MinimumVisualStudioVersion = 10.0.40219.1
Project("{FAE04EC0-301F-11D3-BF4B-00C04F79EFBC}") = "T_023_Indexers", "T_023_Indexers\T_023_Indexers.csproj", "{FE1AE28B-492A-4BE3-9AFD-7FD1E1DD2A2A}"
EndProject
Global
	GlobalSection(SolutionConfigurationPlatforms) = preSolution
		Debug|Any CPU = Debug|Any CPU
		Release|Any CPU = Release|Any CPU
	EndGlobalSection
	GlobalSection(ProjectConfigurationPlatforms) = postSolution
		{FE1AE28B-492A-4BE3-9AFD-7FD1E1DD2A2A}.Debug|Any CPU.ActiveCfg = Debug|Any CPU
		{FE1AE28B-492A-4BE3-9AFD-7FD1E1DD2A2A}.Debug|Any CPU.Build.0 = Debug|Any CPU
		{FE1AE28B-492A-4BE3-9AFD-7FD1E1DD2A2A}.Release|Any CPU.ActiveCfg = Release|Any CPU
		{FE1AE28B-492A-4BE3-9AFD-7FD1E1DD2A2A}.Release|Any CPU.Build.0 = Release|Any CPU
	EndGlobalSection
	GlobalSection(SolutionProperties) = preSolution
		HideSolutionNode = FALSE
	EndGlobalSection
	GlobalSection(ExtensibilityGlobals) = postSolution
		SolutionGuid = {9D63E784-ADAF-40C9-86BC-5A977A6D6187}
	EndGlobalSection
EndGlobal
