
Microsoft Visual Studio Solution File, Format Version 12.00
# Visual Studio 15
VisualStudioVersion = 15.0.27130.2010
MinimumVisualStudioVersion = 10.0.40219.1
Project("{FAE04EC0-301F-11D3-BF4B-00C04F79EFBC}") = "T_013_Try_Catch_And_Finally", "T_013_Try_Catch_And_Finally\T_013_Try_Catch_And_Finally.csproj", "{8B5028EA-D6D9-45DD-B2DC-4ADAA679AFA3}"
EndProject
Global
	GlobalSection(SolutionConfigurationPlatforms) = preSolution
		Debug|Any CPU = Debug|Any CPU
		Release|Any CPU = Release|Any CPU
	EndGlobalSection
	GlobalSection(ProjectConfigurationPlatforms) = postSolution
		{8B5028EA-D6D9-45DD-B2DC-4ADAA679AFA3}.Debug|Any CPU.ActiveCfg = Debug|Any CPU
		{8B5028EA-D6D9-45DD-B2DC-4ADAA679AFA3}.Debug|Any CPU.Build.0 = Debug|Any CPU
		{8B5028EA-D6D9-45DD-B2DC-4ADAA679AFA3}.Release|Any CPU.ActiveCfg = Release|Any CPU
		{8B5028EA-D6D9-45DD-B2DC-4ADAA679AFA3}.Release|Any CPU.Build.0 = Release|Any CPU
	EndGlobalSection
	GlobalSection(SolutionProperties) = preSolution
		HideSolutionNode = FALSE
	EndGlobalSection
	GlobalSection(ExtensibilityGlobals) = postSolution
		SolutionGuid = {99E8795C-D8DF-4BD6-9D3D-F19E583344EF}
	EndGlobalSection
EndGlobal
