
Microsoft Visual Studio Solution File, Format Version 12.00
# Visual Studio 15
VisualStudioVersion = 15.0.27130.2010
MinimumVisualStudioVersion = 10.0.40219.1
Project("{FAE04EC0-301F-11D3-BF4B-00C04F79EFBC}") = "T_000_41_Abstract_Class_Virtual_Function", "T_000_41_Abstract_Class_Virtual_Function\T_000_41_Abstract_Class_Virtual_Function.csproj", "{D1F7E444-DFBB-439B-B2AC-947CB55AB520}"
EndProject
Global
	GlobalSection(SolutionConfigurationPlatforms) = preSolution
		Debug|Any CPU = Debug|Any CPU
		Release|Any CPU = Release|Any CPU
	EndGlobalSection
	GlobalSection(ProjectConfigurationPlatforms) = postSolution
		{D1F7E444-DFBB-439B-B2AC-947CB55AB520}.Debug|Any CPU.ActiveCfg = Debug|Any CPU
		{D1F7E444-DFBB-439B-B2AC-947CB55AB520}.Debug|Any CPU.Build.0 = Debug|Any CPU
		{D1F7E444-DFBB-439B-B2AC-947CB55AB520}.Release|Any CPU.ActiveCfg = Release|Any CPU
		{D1F7E444-DFBB-439B-B2AC-947CB55AB520}.Release|Any CPU.Build.0 = Release|Any CPU
	EndGlobalSection
	GlobalSection(SolutionProperties) = preSolution
		HideSolutionNode = FALSE
	EndGlobalSection
	GlobalSection(ExtensibilityGlobals) = postSolution
		SolutionGuid = {51BC2D4D-6292-4EFC-B0BF-5EAC165467B5}
	EndGlobalSection
EndGlobal
