
Microsoft Visual Studio Solution File, Format Version 12.00
# Visual Studio 15
VisualStudioVersion = 15.0.27130.2010
MinimumVisualStudioVersion = 10.0.40219.1
Project("{FAE04EC0-301F-11D3-BF4B-00C04F79EFBC}") = "T_000_50_Regular_Expressions_Example2", "T_000_50_Regular_Expressions_Example2\T_000_50_Regular_Expressions_Example2.csproj", "{10B519FC-D9D7-4E3A-A09B-3CAD39A78B50}"
EndProject
Global
	GlobalSection(SolutionConfigurationPlatforms) = preSolution
		Debug|Any CPU = Debug|Any CPU
		Release|Any CPU = Release|Any CPU
	EndGlobalSection
	GlobalSection(ProjectConfigurationPlatforms) = postSolution
		{10B519FC-D9D7-4E3A-A09B-3CAD39A78B50}.Debug|Any CPU.ActiveCfg = Debug|Any CPU
		{10B519FC-D9D7-4E3A-A09B-3CAD39A78B50}.Debug|Any CPU.Build.0 = Debug|Any CPU
		{10B519FC-D9D7-4E3A-A09B-3CAD39A78B50}.Release|Any CPU.ActiveCfg = Release|Any CPU
		{10B519FC-D9D7-4E3A-A09B-3CAD39A78B50}.Release|Any CPU.Build.0 = Release|Any CPU
	EndGlobalSection
	GlobalSection(SolutionProperties) = preSolution
		HideSolutionNode = FALSE
	EndGlobalSection
	GlobalSection(ExtensibilityGlobals) = postSolution
		SolutionGuid = {DC1B0F9D-EA9D-4BB8-BB89-737249077000}
	EndGlobalSection
EndGlobal
