
Microsoft Visual Studio Solution File, Format Version 12.00
# Visual Studio 15
VisualStudioVersion = 15.0.27130.2010
MinimumVisualStudioVersion = 10.0.40219.1
Project("{FAE04EC0-301F-11D3-BF4B-00C04F79EFBC}") = "T_000_52_Exception_Handling", "T_000_52_Exception_Handling\T_000_52_Exception_Handling.csproj", "{780F65B2-F70D-429B-A75F-9F1D2CCDC20B}"
EndProject
Global
	GlobalSection(SolutionConfigurationPlatforms) = preSolution
		Debug|Any CPU = Debug|Any CPU
		Release|Any CPU = Release|Any CPU
	EndGlobalSection
	GlobalSection(ProjectConfigurationPlatforms) = postSolution
		{780F65B2-F70D-429B-A75F-9F1D2CCDC20B}.Debug|Any CPU.ActiveCfg = Debug|Any CPU
		{780F65B2-F70D-429B-A75F-9F1D2CCDC20B}.Debug|Any CPU.Build.0 = Debug|Any CPU
		{780F65B2-F70D-429B-A75F-9F1D2CCDC20B}.Release|Any CPU.ActiveCfg = Release|Any CPU
		{780F65B2-F70D-429B-A75F-9F1D2CCDC20B}.Release|Any CPU.Build.0 = Release|Any CPU
	EndGlobalSection
	GlobalSection(SolutionProperties) = preSolution
		HideSolutionNode = FALSE
	EndGlobalSection
	GlobalSection(ExtensibilityGlobals) = postSolution
		SolutionGuid = {B9FFE016-D088-45F7-82EB-998A350CCC37}
	EndGlobalSection
EndGlobal
