
Microsoft Visual Studio Solution File, Format Version 12.00
# Visual Studio 15
VisualStudioVersion = 15.0.27130.2010
MinimumVisualStudioVersion = 10.0.40219.1
Project("{FAE04EC0-301F-11D3-BF4B-00C04F79EFBC}") = "Design_Pattern_020_State_Real_World_code", "Design_Pattern_020_State_Real_World_code\Design_Pattern_020_State_Real_World_code.csproj", "{2C633CCC-F68C-4400-9FD3-9C8255A5265E}"
EndProject
Global
	GlobalSection(SolutionConfigurationPlatforms) = preSolution
		Debug|Any CPU = Debug|Any CPU
		Release|Any CPU = Release|Any CPU
	EndGlobalSection
	GlobalSection(ProjectConfigurationPlatforms) = postSolution
		{2C633CCC-F68C-4400-9FD3-9C8255A5265E}.Debug|Any CPU.ActiveCfg = Debug|Any CPU
		{2C633CCC-F68C-4400-9FD3-9C8255A5265E}.Debug|Any CPU.Build.0 = Debug|Any CPU
		{2C633CCC-F68C-4400-9FD3-9C8255A5265E}.Release|Any CPU.ActiveCfg = Release|Any CPU
		{2C633CCC-F68C-4400-9FD3-9C8255A5265E}.Release|Any CPU.Build.0 = Release|Any CPU
	EndGlobalSection
	GlobalSection(SolutionProperties) = preSolution
		HideSolutionNode = FALSE
	EndGlobalSection
	GlobalSection(ExtensibilityGlobals) = postSolution
		SolutionGuid = {57CF0BE4-DD75-4AA1-8D4F-71AC236A4802}
	EndGlobalSection
EndGlobal
