
Microsoft Visual Studio Solution File, Format Version 12.00
# Visual Studio 15
VisualStudioVersion = 15.0.27130.2010
MinimumVisualStudioVersion = 10.0.40219.1
Project("{FAE04EC0-301F-11D3-BF4B-00C04F79EFBC}") = "T_000_62_Delegates", "T_000_62_Delegates\T_000_62_Delegates.csproj", "{451C2873-DA15-4B60-AB68-EAA2AF0CCE2F}"
EndProject
Global
	GlobalSection(SolutionConfigurationPlatforms) = preSolution
		Debug|Any CPU = Debug|Any CPU
		Release|Any CPU = Release|Any CPU
	EndGlobalSection
	GlobalSection(ProjectConfigurationPlatforms) = postSolution
		{451C2873-DA15-4B60-AB68-EAA2AF0CCE2F}.Debug|Any CPU.ActiveCfg = Debug|Any CPU
		{451C2873-DA15-4B60-AB68-EAA2AF0CCE2F}.Debug|Any CPU.Build.0 = Debug|Any CPU
		{451C2873-DA15-4B60-AB68-EAA2AF0CCE2F}.Release|Any CPU.ActiveCfg = Release|Any CPU
		{451C2873-DA15-4B60-AB68-EAA2AF0CCE2F}.Release|Any CPU.Build.0 = Release|Any CPU
	EndGlobalSection
	GlobalSection(SolutionProperties) = preSolution
		HideSolutionNode = FALSE
	EndGlobalSection
	GlobalSection(ExtensibilityGlobals) = postSolution
		SolutionGuid = {6113606C-BB56-44B7-A986-6214D944F6DE}
	EndGlobalSection
EndGlobal
