
Microsoft Visual Studio Solution File, Format Version 12.00
# Visual Studio 15
VisualStudioVersion = 15.0.27130.2010
MinimumVisualStudioVersion = 10.0.40219.1
Project("{FAE04EC0-301F-11D3-BF4B-00C04F79EFBC}") = "T_003_Variables", "T_003_Variables\T_003_Variables.csproj", "{874C1FFD-5A45-4B82-BBE0-7DA503A2EDF5}"
EndProject
Global
	GlobalSection(SolutionConfigurationPlatforms) = preSolution
		Debug|Any CPU = Debug|Any CPU
		Release|Any CPU = Release|Any CPU
	EndGlobalSection
	GlobalSection(ProjectConfigurationPlatforms) = postSolution
		{874C1FFD-5A45-4B82-BBE0-7DA503A2EDF5}.Debug|Any CPU.ActiveCfg = Debug|Any CPU
		{874C1FFD-5A45-4B82-BBE0-7DA503A2EDF5}.Debug|Any CPU.Build.0 = Debug|Any CPU
		{874C1FFD-5A45-4B82-BBE0-7DA503A2EDF5}.Release|Any CPU.ActiveCfg = Release|Any CPU
		{874C1FFD-5A45-4B82-BBE0-7DA503A2EDF5}.Release|Any CPU.Build.0 = Release|Any CPU
	EndGlobalSection
	GlobalSection(SolutionProperties) = preSolution
		HideSolutionNode = FALSE
	EndGlobalSection
	GlobalSection(ExtensibilityGlobals) = postSolution
		SolutionGuid = {71CC1D4E-61B0-4168-8427-C3221F80C49A}
	EndGlobalSection
EndGlobal
