
Microsoft Visual Studio Solution File, Format Version 12.00
# Visual Studio 15
VisualStudioVersion = 15.0.27130.2010
MinimumVisualStudioVersion = 10.0.40219.1
Project("{FAE04EC0-301F-11D3-BF4B-00C04F79EFBC}") = "T_000_Generic_Methods", "T_000_Generic_Methods\T_000_Generic_Methods.csproj", "{B7D18EC1-1286-458A-95A3-488A2BEF6609}"
EndProject
Global
	GlobalSection(SolutionConfigurationPlatforms) = preSolution
		Debug|Any CPU = Debug|Any CPU
		Release|Any CPU = Release|Any CPU
	EndGlobalSection
	GlobalSection(ProjectConfigurationPlatforms) = postSolution
		{B7D18EC1-1286-458A-95A3-488A2BEF6609}.Debug|Any CPU.ActiveCfg = Debug|Any CPU
		{B7D18EC1-1286-458A-95A3-488A2BEF6609}.Debug|Any CPU.Build.0 = Debug|Any CPU
		{B7D18EC1-1286-458A-95A3-488A2BEF6609}.Release|Any CPU.ActiveCfg = Release|Any CPU
		{B7D18EC1-1286-458A-95A3-488A2BEF6609}.Release|Any CPU.Build.0 = Release|Any CPU
	EndGlobalSection
	GlobalSection(SolutionProperties) = preSolution
		HideSolutionNode = FALSE
	EndGlobalSection
	GlobalSection(ExtensibilityGlobals) = postSolution
		SolutionGuid = {38B5BB03-7586-4224-B01C-4A8CB288205F}
	EndGlobalSection
EndGlobal
