
Microsoft Visual Studio Solution File, Format Version 12.00
# Visual Studio 15
VisualStudioVersion = 15.0.27130.2010
MinimumVisualStudioVersion = 10.0.40219.1
Project("{FAE04EC0-301F-11D3-BF4B-00C04F79EFBC}") = "T_000_35_Static_Members_Class", "T_000_35_Static_Members_Class\T_000_35_Static_Members_Class.csproj", "{A83665F6-8E19-4675-AC10-F1CC4BBA47AF}"
EndProject
Global
	GlobalSection(SolutionConfigurationPlatforms) = preSolution
		Debug|Any CPU = Debug|Any CPU
		Release|Any CPU = Release|Any CPU
	EndGlobalSection
	GlobalSection(ProjectConfigurationPlatforms) = postSolution
		{A83665F6-8E19-4675-AC10-F1CC4BBA47AF}.Debug|Any CPU.ActiveCfg = Debug|Any CPU
		{A83665F6-8E19-4675-AC10-F1CC4BBA47AF}.Debug|Any CPU.Build.0 = Debug|Any CPU
		{A83665F6-8E19-4675-AC10-F1CC4BBA47AF}.Release|Any CPU.ActiveCfg = Release|Any CPU
		{A83665F6-8E19-4675-AC10-F1CC4BBA47AF}.Release|Any CPU.Build.0 = Release|Any CPU
	EndGlobalSection
	GlobalSection(SolutionProperties) = preSolution
		HideSolutionNode = FALSE
	EndGlobalSection
	GlobalSection(ExtensibilityGlobals) = postSolution
		SolutionGuid = {0D4CA2CE-5E3C-456B-9AD9-3638C6F9F9BE}
	EndGlobalSection
EndGlobal
