
Microsoft Visual Studio Solution File, Format Version 12.00
# Visual Studio 15
VisualStudioVersion = 15.0.27130.2010
MinimumVisualStudioVersion = 10.0.40219.1
Project("{FAE04EC0-301F-11D3-BF4B-00C04F79EFBC}") = "Design_Pattern_019_Observer_Structural_Code", "Design_Pattern_019_Observer_Structural_Code\Design_Pattern_019_Observer_Structural_Code.csproj", "{4428CCFE-07F9-4925-9B61-D13F3C496377}"
EndProject
Global
	GlobalSection(SolutionConfigurationPlatforms) = preSolution
		Debug|Any CPU = Debug|Any CPU
		Release|Any CPU = Release|Any CPU
	EndGlobalSection
	GlobalSection(ProjectConfigurationPlatforms) = postSolution
		{4428CCFE-07F9-4925-9B61-D13F3C496377}.Debug|Any CPU.ActiveCfg = Debug|Any CPU
		{4428CCFE-07F9-4925-9B61-D13F3C496377}.Debug|Any CPU.Build.0 = Debug|Any CPU
		{4428CCFE-07F9-4925-9B61-D13F3C496377}.Release|Any CPU.ActiveCfg = Release|Any CPU
		{4428CCFE-07F9-4925-9B61-D13F3C496377}.Release|Any CPU.Build.0 = Release|Any CPU
	EndGlobalSection
	GlobalSection(SolutionProperties) = preSolution
		HideSolutionNode = FALSE
	EndGlobalSection
	GlobalSection(ExtensibilityGlobals) = postSolution
		SolutionGuid = {CAD67871-D137-40AD-AAF8-9B296581C78E}
	EndGlobalSection
EndGlobal
