
Microsoft Visual Studio Solution File, Format Version 12.00
# Visual Studio 15
VisualStudioVersion = 15.0.27130.2010
MinimumVisualStudioVersion = 10.0.40219.1
Project("{FAE04EC0-301F-11D3-BF4B-00C04F79EFBC}") = "T_000_73_Generics", "T_000_73_Generics\T_000_73_Generics.csproj", "{653F8AEF-0361-4EDD-95D7-BF3E93CD7A93}"
EndProject
Global
	GlobalSection(SolutionConfigurationPlatforms) = preSolution
		Debug|Any CPU = Debug|Any CPU
		Release|Any CPU = Release|Any CPU
	EndGlobalSection
	GlobalSection(ProjectConfigurationPlatforms) = postSolution
		{653F8AEF-0361-4EDD-95D7-BF3E93CD7A93}.Debug|Any CPU.ActiveCfg = Debug|Any CPU
		{653F8AEF-0361-4EDD-95D7-BF3E93CD7A93}.Debug|Any CPU.Build.0 = Debug|Any CPU
		{653F8AEF-0361-4EDD-95D7-BF3E93CD7A93}.Release|Any CPU.ActiveCfg = Release|Any CPU
		{653F8AEF-0361-4EDD-95D7-BF3E93CD7A93}.Release|Any CPU.Build.0 = Release|Any CPU
	EndGlobalSection
	GlobalSection(SolutionProperties) = preSolution
		HideSolutionNode = FALSE
	EndGlobalSection
	GlobalSection(ExtensibilityGlobals) = postSolution
		SolutionGuid = {EE5FEFEE-C417-4F55-BC52-6721279E7CA5}
	EndGlobalSection
EndGlobal
