
Microsoft Visual Studio Solution File, Format Version 12.00
# Visual Studio 15
VisualStudioVersion = 15.0.27130.2010
MinimumVisualStudioVersion = 10.0.40219.1
Project("{FAE04EC0-301F-11D3-BF4B-00C04F79EFBC}") = "T_080_WebBrowser_Control", "T_080_WebBrowser_Control\T_080_WebBrowser_Control.csproj", "{68D8A61D-F9A6-467F-98FC-AE6F973B55D1}"
EndProject
Global
	GlobalSection(SolutionConfigurationPlatforms) = preSolution
		Debug|Any CPU = Debug|Any CPU
		Release|Any CPU = Release|Any CPU
	EndGlobalSection
	GlobalSection(ProjectConfigurationPlatforms) = postSolution
		{68D8A61D-F9A6-467F-98FC-AE6F973B55D1}.Debug|Any CPU.ActiveCfg = Debug|Any CPU
		{68D8A61D-F9A6-467F-98FC-AE6F973B55D1}.Debug|Any CPU.Build.0 = Debug|Any CPU
		{68D8A61D-F9A6-467F-98FC-AE6F973B55D1}.Release|Any CPU.ActiveCfg = Release|Any CPU
		{68D8A61D-F9A6-467F-98FC-AE6F973B55D1}.Release|Any CPU.Build.0 = Release|Any CPU
	EndGlobalSection
	GlobalSection(SolutionProperties) = preSolution
		HideSolutionNode = FALSE
	EndGlobalSection
	GlobalSection(ExtensibilityGlobals) = postSolution
		SolutionGuid = {C03608C9-1FA5-41AD-BB1E-6DE2EC6D2CBB}
	EndGlobalSection
EndGlobal
