
Microsoft Visual Studio Solution File, Format Version 12.00
# Visual Studio 15
VisualStudioVersion = 15.0.27130.2010
MinimumVisualStudioVersion = 10.0.40219.1
Project("{FAE04EC0-301F-11D3-BF4B-00C04F79EFBC}") = "T_009_WPF_Controls_Buttons", "T_009_WPF_Controls_Buttons\T_009_WPF_Controls_Buttons.csproj", "{7CF8F24C-0E11-4AD8-8E1C-3D1D782455D7}"
EndProject
Global
	GlobalSection(SolutionConfigurationPlatforms) = preSolution
		Debug|Any CPU = Debug|Any CPU
		Release|Any CPU = Release|Any CPU
	EndGlobalSection
	GlobalSection(ProjectConfigurationPlatforms) = postSolution
		{7CF8F24C-0E11-4AD8-8E1C-3D1D782455D7}.Debug|Any CPU.ActiveCfg = Debug|Any CPU
		{7CF8F24C-0E11-4AD8-8E1C-3D1D782455D7}.Debug|Any CPU.Build.0 = Debug|Any CPU
		{7CF8F24C-0E11-4AD8-8E1C-3D1D782455D7}.Release|Any CPU.ActiveCfg = Release|Any CPU
		{7CF8F24C-0E11-4AD8-8E1C-3D1D782455D7}.Release|Any CPU.Build.0 = Release|Any CPU
	EndGlobalSection
	GlobalSection(SolutionProperties) = preSolution
		HideSolutionNode = FALSE
	EndGlobalSection
	GlobalSection(ExtensibilityGlobals) = postSolution
		SolutionGuid = {D3C335C6-9A66-49F8-9C3E-E5597D09442D}
	EndGlobalSection
EndGlobal
