
Microsoft Visual Studio Solution File, Format Version 12.00
# Visual Studio 15
VisualStudioVersion = 15.0.27130.2010
MinimumVisualStudioVersion = 10.0.40219.1
Project("{FAE04EC0-301F-11D3-BF4B-00C04F79EFBC}") = "Design_Pattern_016_Iterator_Structural_code", "Design_Pattern_016_Iterator_Structural_code\Design_Pattern_016_Iterator_Structural_code.csproj", "{2CE47F95-1B65-4697-AA4C-4CF093C0068B}"
EndProject
Global
	GlobalSection(SolutionConfigurationPlatforms) = preSolution
		Debug|Any CPU = Debug|Any CPU
		Release|Any CPU = Release|Any CPU
	EndGlobalSection
	GlobalSection(ProjectConfigurationPlatforms) = postSolution
		{2CE47F95-1B65-4697-AA4C-4CF093C0068B}.Debug|Any CPU.ActiveCfg = Debug|Any CPU
		{2CE47F95-1B65-4697-AA4C-4CF093C0068B}.Debug|Any CPU.Build.0 = Debug|Any CPU
		{2CE47F95-1B65-4697-AA4C-4CF093C0068B}.Release|Any CPU.ActiveCfg = Release|Any CPU
		{2CE47F95-1B65-4697-AA4C-4CF093C0068B}.Release|Any CPU.Build.0 = Release|Any CPU
	EndGlobalSection
	GlobalSection(SolutionProperties) = preSolution
		HideSolutionNode = FALSE
	EndGlobalSection
	GlobalSection(ExtensibilityGlobals) = postSolution
		SolutionGuid = {483C0032-7694-4B2C-9AF7-81D855B36B52}
	EndGlobalSection
EndGlobal
