
Microsoft Visual Studio Solution File, Format Version 12.00
# Visual Studio 15
VisualStudioVersion = 15.0.27130.2003
MinimumVisualStudioVersion = 10.0.40219.1
Project("{FAE04EC0-301F-11D3-BF4B-00C04F79EFBC}") = "test", "Hello_World\test.csproj", "{ED978E22-3F70-45C0-9E09-8D4043457CAF}"
EndProject
Global
	GlobalSection(SolutionConfigurationPlatforms) = preSolution
		Debug|Any CPU = Debug|Any CPU
		Release|Any CPU = Release|Any CPU
	EndGlobalSection
	GlobalSection(ProjectConfigurationPlatforms) = postSolution
		{ED978E22-3F70-45C0-9E09-8D4043457CAF}.Debug|Any CPU.ActiveCfg = Debug|Any CPU
		{ED978E22-3F70-45C0-9E09-8D4043457CAF}.Debug|Any CPU.Build.0 = Debug|Any CPU
		{ED978E22-3F70-45C0-9E09-8D4043457CAF}.Release|Any CPU.ActiveCfg = Release|Any CPU
		{ED978E22-3F70-45C0-9E09-8D4043457CAF}.Release|Any CPU.Build.0 = Release|Any CPU
	EndGlobalSection
	GlobalSection(SolutionProperties) = preSolution
		HideSolutionNode = FALSE
	EndGlobalSection
	GlobalSection(ExtensibilityGlobals) = postSolution
		SolutionGuid = {C6501650-22AD-4C73-9374-190121AD31EA}
	EndGlobalSection
EndGlobal
