
Microsoft Visual Studio Solution File, Format Version 12.00
# Visual Studio 15
VisualStudioVersion = 15.0.27130.2010
MinimumVisualStudioVersion = 10.0.40219.1
Project("{FAE04EC0-301F-11D3-BF4B-00C04F79EFBC}") = "T_000_20_Value_Parameter", "T_000_20_Value_Parameter\T_000_20_Value_Parameter.csproj", "{D4FA7B8A-1D93-4349-BDE0-A68EB62452EA}"
EndProject
Global
	GlobalSection(SolutionConfigurationPlatforms) = preSolution
		Debug|Any CPU = Debug|Any CPU
		Release|Any CPU = Release|Any CPU
	EndGlobalSection
	GlobalSection(ProjectConfigurationPlatforms) = postSolution
		{D4FA7B8A-1D93-4349-BDE0-A68EB62452EA}.Debug|Any CPU.ActiveCfg = Debug|Any CPU
		{D4FA7B8A-1D93-4349-BDE0-A68EB62452EA}.Debug|Any CPU.Build.0 = Debug|Any CPU
		{D4FA7B8A-1D93-4349-BDE0-A68EB62452EA}.Release|Any CPU.ActiveCfg = Release|Any CPU
		{D4FA7B8A-1D93-4349-BDE0-A68EB62452EA}.Release|Any CPU.Build.0 = Release|Any CPU
	EndGlobalSection
	GlobalSection(SolutionProperties) = preSolution
		HideSolutionNode = FALSE
	EndGlobalSection
	GlobalSection(ExtensibilityGlobals) = postSolution
		SolutionGuid = {C75736DB-6F6A-49E8-A6BF-A0BB76EF1542}
	EndGlobalSection
EndGlobal
