
Microsoft Visual Studio Solution File, Format Version 12.00
# Visual Studio 15
VisualStudioVersion = 15.0.27130.2010
MinimumVisualStudioVersion = 10.0.40219.1
Project("{FAE04EC0-301F-11D3-BF4B-00C04F79EFBC}") = "019_Embed_Video_Into_Windows_Form", "019_Embed_Video_Into_Windows_Form\019_Embed_Video_Into_Windows_Form.csproj", "{0C43C440-2587-49E6-8472-CB528A2B07DD}"
EndProject
Global
	GlobalSection(SolutionConfigurationPlatforms) = preSolution
		Debug|Any CPU = Debug|Any CPU
		Release|Any CPU = Release|Any CPU
	EndGlobalSection
	GlobalSection(ProjectConfigurationPlatforms) = postSolution
		{0C43C440-2587-49E6-8472-CB528A2B07DD}.Debug|Any CPU.ActiveCfg = Debug|Any CPU
		{0C43C440-2587-49E6-8472-CB528A2B07DD}.Debug|Any CPU.Build.0 = Debug|Any CPU
		{0C43C440-2587-49E6-8472-CB528A2B07DD}.Release|Any CPU.ActiveCfg = Release|Any CPU
		{0C43C440-2587-49E6-8472-CB528A2B07DD}.Release|Any CPU.Build.0 = Release|Any CPU
	EndGlobalSection
	GlobalSection(SolutionProperties) = preSolution
		HideSolutionNode = FALSE
	EndGlobalSection
	GlobalSection(ExtensibilityGlobals) = postSolution
		SolutionGuid = {0099ACDE-A57E-48D2-8037-43EFA91837CC}
	EndGlobalSection
EndGlobal
