
Microsoft Visual Studio Solution File, Format Version 12.00
# Visual Studio 15
VisualStudioVersion = 15.0.27130.2010
MinimumVisualStudioVersion = 10.0.40219.1
Project("{FAE04EC0-301F-11D3-BF4B-00C04F79EFBC}") = "T_120_Changing yoyr Project_Properties", "T_120_Changing yoyr Project_Properties\T_120_Changing yoyr Project_Properties.csproj", "{0D25E77C-A034-4AF5-9D3B-E1DE7FC4F7D3}"
EndProject
Global
	GlobalSection(SolutionConfigurationPlatforms) = preSolution
		Debug|Any CPU = Debug|Any CPU
		Release|Any CPU = Release|Any CPU
	EndGlobalSection
	GlobalSection(ProjectConfigurationPlatforms) = postSolution
		{0D25E77C-A034-4AF5-9D3B-E1DE7FC4F7D3}.Debug|Any CPU.ActiveCfg = Debug|Any CPU
		{0D25E77C-A034-4AF5-9D3B-E1DE7FC4F7D3}.Debug|Any CPU.Build.0 = Debug|Any CPU
		{0D25E77C-A034-4AF5-9D3B-E1DE7FC4F7D3}.Release|Any CPU.ActiveCfg = Release|Any CPU
		{0D25E77C-A034-4AF5-9D3B-E1DE7FC4F7D3}.Release|Any CPU.Build.0 = Release|Any CPU
	EndGlobalSection
	GlobalSection(SolutionProperties) = preSolution
		HideSolutionNode = FALSE
	EndGlobalSection
	GlobalSection(ExtensibilityGlobals) = postSolution
		SolutionGuid = {497E15A5-109A-42BF-932B-CBE2FF5491E5}
	EndGlobalSection
EndGlobal
