
Microsoft Visual Studio Solution File, Format Version 12.00
# Visual Studio 15
VisualStudioVersion = 15.0.27130.2010
MinimumVisualStudioVersion = 10.0.40219.1
Project("{FAE04EC0-301F-11D3-BF4B-00C04F79EFBC}") = "T_000_28_Param_Arrays", "T_000_28_Param_Arrays\T_000_28_Param_Arrays.csproj", "{FA1B451F-9AAF-4ECC-A1B6-8CB266745F42}"
EndProject
Global
	GlobalSection(SolutionConfigurationPlatforms) = preSolution
		Debug|Any CPU = Debug|Any CPU
		Release|Any CPU = Release|Any CPU
	EndGlobalSection
	GlobalSection(ProjectConfigurationPlatforms) = postSolution
		{FA1B451F-9AAF-4ECC-A1B6-8CB266745F42}.Debug|Any CPU.ActiveCfg = Debug|Any CPU
		{FA1B451F-9AAF-4ECC-A1B6-8CB266745F42}.Debug|Any CPU.Build.0 = Debug|Any CPU
		{FA1B451F-9AAF-4ECC-A1B6-8CB266745F42}.Release|Any CPU.ActiveCfg = Release|Any CPU
		{FA1B451F-9AAF-4ECC-A1B6-8CB266745F42}.Release|Any CPU.Build.0 = Release|Any CPU
	EndGlobalSection
	GlobalSection(SolutionProperties) = preSolution
		HideSolutionNode = FALSE
	EndGlobalSection
	GlobalSection(ExtensibilityGlobals) = postSolution
		SolutionGuid = {F58F13FE-7C56-4E3D-957C-C4005A8B633F}
	EndGlobalSection
EndGlobal
