
Microsoft Visual Studio Solution File, Format Version 12.00
# Visual Studio 15
VisualStudioVersion = 15.0.27130.2010
MinimumVisualStudioVersion = 10.0.40219.1
Project("{FAE04EC0-301F-11D3-BF4B-00C04F79EFBC}") = "Design_Pattern_022_Template_Method_Structure", "Design_Pattern_022_Template_Method_Structure\Design_Pattern_022_Template_Method_Structure.csproj", "{7D680C5B-BFE3-4D3B-BDE9-38537467AFB0}"
EndProject
Global
	GlobalSection(SolutionConfigurationPlatforms) = preSolution
		Debug|Any CPU = Debug|Any CPU
		Release|Any CPU = Release|Any CPU
	EndGlobalSection
	GlobalSection(ProjectConfigurationPlatforms) = postSolution
		{7D680C5B-BFE3-4D3B-BDE9-38537467AFB0}.Debug|Any CPU.ActiveCfg = Debug|Any CPU
		{7D680C5B-BFE3-4D3B-BDE9-38537467AFB0}.Debug|Any CPU.Build.0 = Debug|Any CPU
		{7D680C5B-BFE3-4D3B-BDE9-38537467AFB0}.Release|Any CPU.ActiveCfg = Release|Any CPU
		{7D680C5B-BFE3-4D3B-BDE9-38537467AFB0}.Release|Any CPU.Build.0 = Release|Any CPU
	EndGlobalSection
	GlobalSection(SolutionProperties) = preSolution
		HideSolutionNode = FALSE
	EndGlobalSection
	GlobalSection(ExtensibilityGlobals) = postSolution
		SolutionGuid = {35F217F2-9896-4810-B503-8C5CFF56B15B}
	EndGlobalSection
EndGlobal
