
Microsoft Visual Studio Solution File, Format Version 12.00
# Visual Studio 15
VisualStudioVersion = 15.0.27130.2010
MinimumVisualStudioVersion = 10.0.40219.1
Project("{FAE04EC0-301F-11D3-BF4B-00C04F79EFBC}") = "T_002_WPF_Without_XAML", "T_002_WPF_Without_XAML\T_002_WPF_Without_XAML.csproj", "{05AD8182-0CDC-4A15-A84D-0B3DD2E3BB89}"
EndProject
Global
	GlobalSection(SolutionConfigurationPlatforms) = preSolution
		Debug|Any CPU = Debug|Any CPU
		Release|Any CPU = Release|Any CPU
	EndGlobalSection
	GlobalSection(ProjectConfigurationPlatforms) = postSolution
		{05AD8182-0CDC-4A15-A84D-0B3DD2E3BB89}.Debug|Any CPU.ActiveCfg = Debug|Any CPU
		{05AD8182-0CDC-4A15-A84D-0B3DD2E3BB89}.Debug|Any CPU.Build.0 = Debug|Any CPU
		{05AD8182-0CDC-4A15-A84D-0B3DD2E3BB89}.Release|Any CPU.ActiveCfg = Release|Any CPU
		{05AD8182-0CDC-4A15-A84D-0B3DD2E3BB89}.Release|Any CPU.Build.0 = Release|Any CPU
	EndGlobalSection
	GlobalSection(SolutionProperties) = preSolution
		HideSolutionNode = FALSE
	EndGlobalSection
	GlobalSection(ExtensibilityGlobals) = postSolution
		SolutionGuid = {941E9EAA-73D9-43C5-8FC9-280A102301D0}
	EndGlobalSection
EndGlobal
