
Microsoft Visual Studio Solution File, Format Version 12.00
# Visual Studio 15
VisualStudioVersion = 15.0.27130.2010
MinimumVisualStudioVersion = 10.0.40219.1
Project("{FAE04EC0-301F-11D3-BF4B-00C04F79EFBC}") = "T_049_WPF_Data_Template", "T_049_WPF_Data_Template\T_049_WPF_Data_Template.csproj", "{3FF517FA-4D50-42E0-B61D-17B9F843DFD9}"
EndProject
Global
	GlobalSection(SolutionConfigurationPlatforms) = preSolution
		Debug|Any CPU = Debug|Any CPU
		Release|Any CPU = Release|Any CPU
	EndGlobalSection
	GlobalSection(ProjectConfigurationPlatforms) = postSolution
		{3FF517FA-4D50-42E0-B61D-17B9F843DFD9}.Debug|Any CPU.ActiveCfg = Debug|Any CPU
		{3FF517FA-4D50-42E0-B61D-17B9F843DFD9}.Debug|Any CPU.Build.0 = Debug|Any CPU
		{3FF517FA-4D50-42E0-B61D-17B9F843DFD9}.Release|Any CPU.ActiveCfg = Release|Any CPU
		{3FF517FA-4D50-42E0-B61D-17B9F843DFD9}.Release|Any CPU.Build.0 = Release|Any CPU
	EndGlobalSection
	GlobalSection(SolutionProperties) = preSolution
		HideSolutionNode = FALSE
	EndGlobalSection
	GlobalSection(ExtensibilityGlobals) = postSolution
		SolutionGuid = {68B635CA-833E-44FC-A4EA-64E1A08035F9}
	EndGlobalSection
EndGlobal
