
Microsoft Visual Studio Solution File, Format Version 12.00
# Visual Studio 15
VisualStudioVersion = 15.0.27130.2010
MinimumVisualStudioVersion = 10.0.40219.1
Project("{FAE04EC0-301F-11D3-BF4B-00C04F79EFBC}") = "T_110_Hang_Man_Game", "T_110_Hang_Man_Game\T_110_Hang_Man_Game.csproj", "{DA32D2D8-5B4A-4EF0-B584-E4677CBCE659}"
EndProject
Global
	GlobalSection(SolutionConfigurationPlatforms) = preSolution
		Debug|Any CPU = Debug|Any CPU
		Release|Any CPU = Release|Any CPU
	EndGlobalSection
	GlobalSection(ProjectConfigurationPlatforms) = postSolution
		{DA32D2D8-5B4A-4EF0-B584-E4677CBCE659}.Debug|Any CPU.ActiveCfg = Debug|Any CPU
		{DA32D2D8-5B4A-4EF0-B584-E4677CBCE659}.Debug|Any CPU.Build.0 = Debug|Any CPU
		{DA32D2D8-5B4A-4EF0-B584-E4677CBCE659}.Release|Any CPU.ActiveCfg = Release|Any CPU
		{DA32D2D8-5B4A-4EF0-B584-E4677CBCE659}.Release|Any CPU.Build.0 = Release|Any CPU
	EndGlobalSection
	GlobalSection(SolutionProperties) = preSolution
		HideSolutionNode = FALSE
	EndGlobalSection
	GlobalSection(ExtensibilityGlobals) = postSolution
		SolutionGuid = {E4F5FB81-38C3-4463-B522-63FBE3047594}
	EndGlobalSection
EndGlobal
