
Microsoft Visual Studio Solution File, Format Version 12.00
# Visual Studio 15
VisualStudioVersion = 15.0.27130.2010
MinimumVisualStudioVersion = 10.0.40219.1
Project("{FAE04EC0-301F-11D3-BF4B-00C04F79EFBC}") = "T_086_Write_Node_To_Existing_XML_File", "T_086_Write_Node_To_Existing_XML_File\T_086_Write_Node_To_Existing_XML_File.csproj", "{0099CAF6-25FC-4B8C-9EAA-FB3D9A61FC62}"
EndProject
Global
	GlobalSection(SolutionConfigurationPlatforms) = preSolution
		Debug|Any CPU = Debug|Any CPU
		Release|Any CPU = Release|Any CPU
	EndGlobalSection
	GlobalSection(ProjectConfigurationPlatforms) = postSolution
		{0099CAF6-25FC-4B8C-9EAA-FB3D9A61FC62}.Debug|Any CPU.ActiveCfg = Debug|Any CPU
		{0099CAF6-25FC-4B8C-9EAA-FB3D9A61FC62}.Debug|Any CPU.Build.0 = Debug|Any CPU
		{0099CAF6-25FC-4B8C-9EAA-FB3D9A61FC62}.Release|Any CPU.ActiveCfg = Release|Any CPU
		{0099CAF6-25FC-4B8C-9EAA-FB3D9A61FC62}.Release|Any CPU.Build.0 = Release|Any CPU
	EndGlobalSection
	GlobalSection(SolutionProperties) = preSolution
		HideSolutionNode = FALSE
	EndGlobalSection
	GlobalSection(ExtensibilityGlobals) = postSolution
		SolutionGuid = {C80BA299-3EBE-4F72-B608-8CB19EC0A9D6}
	EndGlobalSection
EndGlobal
