
Microsoft Visual Studio Solution File, Format Version 12.00
# Visual Studio 15
VisualStudioVersion = 15.0.27130.2010
MinimumVisualStudioVersion = 10.0.40219.1
Project("{FAE04EC0-301F-11D3-BF4B-00C04F79EFBC}") = "T_060_Clipboard_Class", "T_060_Clipboard_Class\T_060_Clipboard_Class.csproj", "{6DDDD5AF-6753-47B1-BD00-5BF85AA192EA}"
EndProject
Global
	GlobalSection(SolutionConfigurationPlatforms) = preSolution
		Debug|Any CPU = Debug|Any CPU
		Release|Any CPU = Release|Any CPU
	EndGlobalSection
	GlobalSection(ProjectConfigurationPlatforms) = postSolution
		{6DDDD5AF-6753-47B1-BD00-5BF85AA192EA}.Debug|Any CPU.ActiveCfg = Debug|Any CPU
		{6DDDD5AF-6753-47B1-BD00-5BF85AA192EA}.Debug|Any CPU.Build.0 = Debug|Any CPU
		{6DDDD5AF-6753-47B1-BD00-5BF85AA192EA}.Release|Any CPU.ActiveCfg = Release|Any CPU
		{6DDDD5AF-6753-47B1-BD00-5BF85AA192EA}.Release|Any CPU.Build.0 = Release|Any CPU
	EndGlobalSection
	GlobalSection(SolutionProperties) = preSolution
		HideSolutionNode = FALSE
	EndGlobalSection
	GlobalSection(ExtensibilityGlobals) = postSolution
		SolutionGuid = {1832534B-71C4-4077-B4E9-06EB2628E24A}
	EndGlobalSection
EndGlobal
