
Microsoft Visual Studio Solution File, Format Version 12.00
# Visual Studio 15
VisualStudioVersion = 15.0.27130.2010
MinimumVisualStudioVersion = 10.0.40219.1
Project("{FAE04EC0-301F-11D3-BF4B-00C04F79EFBC}") = "T_002_Showing_MessageBoxes", "T_002_Showing_MessageBoxes\T_002_Showing_MessageBoxes.csproj", "{ADB35060-2363-47C2-A652-9065F96BD291}"
EndProject
Global
	GlobalSection(SolutionConfigurationPlatforms) = preSolution
		Debug|Any CPU = Debug|Any CPU
		Release|Any CPU = Release|Any CPU
	EndGlobalSection
	GlobalSection(ProjectConfigurationPlatforms) = postSolution
		{ADB35060-2363-47C2-A652-9065F96BD291}.Debug|Any CPU.ActiveCfg = Debug|Any CPU
		{ADB35060-2363-47C2-A652-9065F96BD291}.Debug|Any CPU.Build.0 = Debug|Any CPU
		{ADB35060-2363-47C2-A652-9065F96BD291}.Release|Any CPU.ActiveCfg = Release|Any CPU
		{ADB35060-2363-47C2-A652-9065F96BD291}.Release|Any CPU.Build.0 = Release|Any CPU
	EndGlobalSection
	GlobalSection(SolutionProperties) = preSolution
		HideSolutionNode = FALSE
	EndGlobalSection
	GlobalSection(ExtensibilityGlobals) = postSolution
		SolutionGuid = {FB36FE9F-C5BC-4C6F-84F7-F641F4714419}
	EndGlobalSection
EndGlobal
