
Microsoft Visual Studio Solution File, Format Version 12.00
# Visual Studio 15
VisualStudioVersion = 15.0.27130.2010
MinimumVisualStudioVersion = 10.0.40219.1
Project("{FAE04EC0-301F-11D3-BF4B-00C04F79EFBC}") = "Design_Pattern_01_Decorator", "Design_Pattern_01_Decorator\Design_Pattern_01_Decorator.csproj", "{BA23F296-4B34-4B89-9969-47D371466DD5}"
EndProject
Global
	GlobalSection(SolutionConfigurationPlatforms) = preSolution
		Debug|Any CPU = Debug|Any CPU
		Release|Any CPU = Release|Any CPU
	EndGlobalSection
	GlobalSection(ProjectConfigurationPlatforms) = postSolution
		{BA23F296-4B34-4B89-9969-47D371466DD5}.Debug|Any CPU.ActiveCfg = Debug|Any CPU
		{BA23F296-4B34-4B89-9969-47D371466DD5}.Debug|Any CPU.Build.0 = Debug|Any CPU
		{BA23F296-4B34-4B89-9969-47D371466DD5}.Release|Any CPU.ActiveCfg = Release|Any CPU
		{BA23F296-4B34-4B89-9969-47D371466DD5}.Release|Any CPU.Build.0 = Release|Any CPU
	EndGlobalSection
	GlobalSection(SolutionProperties) = preSolution
		HideSolutionNode = FALSE
	EndGlobalSection
	GlobalSection(ExtensibilityGlobals) = postSolution
		SolutionGuid = {6125C082-2EA5-420B-A272-F1FD7F105B4C}
	EndGlobalSection
EndGlobal
