
Microsoft Visual Studio Solution File, Format Version 12.00
# Visual Studio 15
VisualStudioVersion = 15.0.27130.2010
MinimumVisualStudioVersion = 10.0.40219.1
Project("{FAE04EC0-301F-11D3-BF4B-00C04F79EFBC}") = "T_000_36_Inheritance", "T_000_36_Inheritance\T_000_36_Inheritance.csproj", "{444992A2-A84E-481F-BC7E-5ED9B4B4A6B0}"
EndProject
Global
	GlobalSection(SolutionConfigurationPlatforms) = preSolution
		Debug|Any CPU = Debug|Any CPU
		Release|Any CPU = Release|Any CPU
	EndGlobalSection
	GlobalSection(ProjectConfigurationPlatforms) = postSolution
		{444992A2-A84E-481F-BC7E-5ED9B4B4A6B0}.Debug|Any CPU.ActiveCfg = Debug|Any CPU
		{444992A2-A84E-481F-BC7E-5ED9B4B4A6B0}.Debug|Any CPU.Build.0 = Debug|Any CPU
		{444992A2-A84E-481F-BC7E-5ED9B4B4A6B0}.Release|Any CPU.ActiveCfg = Release|Any CPU
		{444992A2-A84E-481F-BC7E-5ED9B4B4A6B0}.Release|Any CPU.Build.0 = Release|Any CPU
	EndGlobalSection
	GlobalSection(SolutionProperties) = preSolution
		HideSolutionNode = FALSE
	EndGlobalSection
	GlobalSection(ExtensibilityGlobals) = postSolution
		SolutionGuid = {1BBFA562-0857-47AD-8C93-85E5A71E8A94}
	EndGlobalSection
EndGlobal
