
Microsoft Visual Studio Solution File, Format Version 12.00
# Visual Studio 15
VisualStudioVersion = 15.0.27130.2010
MinimumVisualStudioVersion = 10.0.40219.1
Project("{FAE04EC0-301F-11D3-BF4B-00C04F79EFBC}") = "T_058_WPF_Event_Triggers", "T_058_WPF_Event_Triggers\T_058_WPF_Event_Triggers.csproj", "{93C228B7-2EA3-4182-A064-C7DE40DD9ACA}"
EndProject
Global
	GlobalSection(SolutionConfigurationPlatforms) = preSolution
		Debug|Any CPU = Debug|Any CPU
		Release|Any CPU = Release|Any CPU
	EndGlobalSection
	GlobalSection(ProjectConfigurationPlatforms) = postSolution
		{93C228B7-2EA3-4182-A064-C7DE40DD9ACA}.Debug|Any CPU.ActiveCfg = Debug|Any CPU
		{93C228B7-2EA3-4182-A064-C7DE40DD9ACA}.Debug|Any CPU.Build.0 = Debug|Any CPU
		{93C228B7-2EA3-4182-A064-C7DE40DD9ACA}.Release|Any CPU.ActiveCfg = Release|Any CPU
		{93C228B7-2EA3-4182-A064-C7DE40DD9ACA}.Release|Any CPU.Build.0 = Release|Any CPU
	EndGlobalSection
	GlobalSection(SolutionProperties) = preSolution
		HideSolutionNode = FALSE
	EndGlobalSection
	GlobalSection(ExtensibilityGlobals) = postSolution
		SolutionGuid = {6E28A2A1-E632-4A26-AEE4-200871D94134}
	EndGlobalSection
EndGlobal
