
Microsoft Visual Studio Solution File, Format Version 12.00
# Visual Studio 15
VisualStudioVersion = 15.0.27130.2010
MinimumVisualStudioVersion = 10.0.40219.1
Project("{FAE04EC0-301F-11D3-BF4B-00C04F79EFBC}") = "T_029_WPF_Window", "T_029_WPF_Window\T_029_WPF_Window.csproj", "{5BB33430-2BB3-4F97-8DC6-E2D97B7E3FED}"
EndProject
Global
	GlobalSection(SolutionConfigurationPlatforms) = preSolution
		Debug|Any CPU = Debug|Any CPU
		Release|Any CPU = Release|Any CPU
	EndGlobalSection
	GlobalSection(ProjectConfigurationPlatforms) = postSolution
		{5BB33430-2BB3-4F97-8DC6-E2D97B7E3FED}.Debug|Any CPU.ActiveCfg = Debug|Any CPU
		{5BB33430-2BB3-4F97-8DC6-E2D97B7E3FED}.Debug|Any CPU.Build.0 = Debug|Any CPU
		{5BB33430-2BB3-4F97-8DC6-E2D97B7E3FED}.Release|Any CPU.ActiveCfg = Release|Any CPU
		{5BB33430-2BB3-4F97-8DC6-E2D97B7E3FED}.Release|Any CPU.Build.0 = Release|Any CPU
	EndGlobalSection
	GlobalSection(SolutionProperties) = preSolution
		HideSolutionNode = FALSE
	EndGlobalSection
	GlobalSection(ExtensibilityGlobals) = postSolution
		SolutionGuid = {80BFF829-694A-4426-A61E-940C19F04E44}
	EndGlobalSection
EndGlobal
