
Microsoft Visual Studio Solution File, Format Version 12.00
# Visual Studio 15
VisualStudioVersion = 15.0.27130.2010
MinimumVisualStudioVersion = 10.0.40219.1
Project("{FAE04EC0-301F-11D3-BF4B-00C04F79EFBC}") = "Deisng_Pattern_023_Visitor_Structural_code", "Deisng_Pattern_023_Visitor_Structural_code\Deisng_Pattern_023_Visitor_Structural_code.csproj", "{A5F349E2-F30B-42AA-9A34-0CE2F68982BC}"
EndProject
Global
	GlobalSection(SolutionConfigurationPlatforms) = preSolution
		Debug|Any CPU = Debug|Any CPU
		Release|Any CPU = Release|Any CPU
	EndGlobalSection
	GlobalSection(ProjectConfigurationPlatforms) = postSolution
		{A5F349E2-F30B-42AA-9A34-0CE2F68982BC}.Debug|Any CPU.ActiveCfg = Debug|Any CPU
		{A5F349E2-F30B-42AA-9A34-0CE2F68982BC}.Debug|Any CPU.Build.0 = Debug|Any CPU
		{A5F349E2-F30B-42AA-9A34-0CE2F68982BC}.Release|Any CPU.ActiveCfg = Release|Any CPU
		{A5F349E2-F30B-42AA-9A34-0CE2F68982BC}.Release|Any CPU.Build.0 = Release|Any CPU
	EndGlobalSection
	GlobalSection(SolutionProperties) = preSolution
		HideSolutionNode = FALSE
	EndGlobalSection
	GlobalSection(ExtensibilityGlobals) = postSolution
		SolutionGuid = {1CEBBC11-B201-4DAC-8C64-8BC389B752B3}
	EndGlobalSection
EndGlobal
