
Microsoft Visual Studio Solution File, Format Version 12.00
# Visual Studio 15
VisualStudioVersion = 15.0.27130.2010
MinimumVisualStudioVersion = 10.0.40219.1
Project("{FAE04EC0-301F-11D3-BF4B-00C04F79EFBC}") = "T_000_66_Collections", "T_000_66_Collections\T_000_66_Collections.csproj", "{AC40CEC6-153E-4894-9196-C9DEBCA18B32}"
EndProject
Global
	GlobalSection(SolutionConfigurationPlatforms) = preSolution
		Debug|Any CPU = Debug|Any CPU
		Release|Any CPU = Release|Any CPU
	EndGlobalSection
	GlobalSection(ProjectConfigurationPlatforms) = postSolution
		{AC40CEC6-153E-4894-9196-C9DEBCA18B32}.Debug|Any CPU.ActiveCfg = Debug|Any CPU
		{AC40CEC6-153E-4894-9196-C9DEBCA18B32}.Debug|Any CPU.Build.0 = Debug|Any CPU
		{AC40CEC6-153E-4894-9196-C9DEBCA18B32}.Release|Any CPU.ActiveCfg = Release|Any CPU
		{AC40CEC6-153E-4894-9196-C9DEBCA18B32}.Release|Any CPU.Build.0 = Release|Any CPU
	EndGlobalSection
	GlobalSection(SolutionProperties) = preSolution
		HideSolutionNode = FALSE
	EndGlobalSection
	GlobalSection(ExtensibilityGlobals) = postSolution
		SolutionGuid = {60A61A39-BE0D-4F08-9B03-7CD031015F79}
	EndGlobalSection
EndGlobal
