
Microsoft Visual Studio Solution File, Format Version 12.00
# Visual Studio 15
VisualStudioVersion = 15.0.27130.2003
MinimumVisualStudioVersion = 10.0.40219.1
Project("{FAE04EC0-301F-11D3-BF4B-00C04F79EFBC}") = "008_SMS_Message", "008_SMS_Message\008_SMS_Message.csproj", "{48F804DB-F303-4997-B381-CA4A12D2A86F}"
EndProject
Global
	GlobalSection(SolutionConfigurationPlatforms) = preSolution
		Debug|Any CPU = Debug|Any CPU
		Release|Any CPU = Release|Any CPU
	EndGlobalSection
	GlobalSection(ProjectConfigurationPlatforms) = postSolution
		{48F804DB-F303-4997-B381-CA4A12D2A86F}.Debug|Any CPU.ActiveCfg = Debug|Any CPU
		{48F804DB-F303-4997-B381-CA4A12D2A86F}.Debug|Any CPU.Build.0 = Debug|Any CPU
		{48F804DB-F303-4997-B381-CA4A12D2A86F}.Release|Any CPU.ActiveCfg = Release|Any CPU
		{48F804DB-F303-4997-B381-CA4A12D2A86F}.Release|Any CPU.Build.0 = Release|Any CPU
	EndGlobalSection
	GlobalSection(SolutionProperties) = preSolution
		HideSolutionNode = FALSE
	EndGlobalSection
	GlobalSection(ExtensibilityGlobals) = postSolution
		SolutionGuid = {8B4DDEBF-6D97-4724-A252-75B16EED8BCB}
	EndGlobalSection
EndGlobal
