
Microsoft Visual Studio Solution File, Format Version 12.00
# Visual Studio 15
VisualStudioVersion = 15.0.27130.2010
MinimumVisualStudioVersion = 10.0.40219.1
Project("{FAE04EC0-301F-11D3-BF4B-00C04F79EFBC}") = "T_000_42_Operator_Overloading", "T_000_42_Operator_Overloading\T_000_42_Operator_Overloading.csproj", "{8EBBE71F-000A-4E6B-A74D-11D1D863E672}"
EndProject
Global
	GlobalSection(SolutionConfigurationPlatforms) = preSolution
		Debug|Any CPU = Debug|Any CPU
		Release|Any CPU = Release|Any CPU
	EndGlobalSection
	GlobalSection(ProjectConfigurationPlatforms) = postSolution
		{8EBBE71F-000A-4E6B-A74D-11D1D863E672}.Debug|Any CPU.ActiveCfg = Debug|Any CPU
		{8EBBE71F-000A-4E6B-A74D-11D1D863E672}.Debug|Any CPU.Build.0 = Debug|Any CPU
		{8EBBE71F-000A-4E6B-A74D-11D1D863E672}.Release|Any CPU.ActiveCfg = Release|Any CPU
		{8EBBE71F-000A-4E6B-A74D-11D1D863E672}.Release|Any CPU.Build.0 = Release|Any CPU
	EndGlobalSection
	GlobalSection(SolutionProperties) = preSolution
		HideSolutionNode = FALSE
	EndGlobalSection
	GlobalSection(ExtensibilityGlobals) = postSolution
		SolutionGuid = {7649DFE2-8E7D-4E33-A24A-37E0A96DF42E}
	EndGlobalSection
EndGlobal
