
Microsoft Visual Studio Solution File, Format Version 12.00
# Visual Studio 15
VisualStudioVersion = 15.0.27130.2010
MinimumVisualStudioVersion = 10.0.40219.1
Project("{FAE04EC0-301F-11D3-BF4B-00C04F79EFBC}") = "Design_Pattern_006_Adapter_Real_World_Code", "Design_Pattern_006_Adapter_Real_World_Code\Design_Pattern_006_Adapter_Real_World_Code.csproj", "{14034A98-0724-4BC8-A2D7-6D03A088C156}"
EndProject
Global
	GlobalSection(SolutionConfigurationPlatforms) = preSolution
		Debug|Any CPU = Debug|Any CPU
		Release|Any CPU = Release|Any CPU
	EndGlobalSection
	GlobalSection(ProjectConfigurationPlatforms) = postSolution
		{14034A98-0724-4BC8-A2D7-6D03A088C156}.Debug|Any CPU.ActiveCfg = Debug|Any CPU
		{14034A98-0724-4BC8-A2D7-6D03A088C156}.Debug|Any CPU.Build.0 = Debug|Any CPU
		{14034A98-0724-4BC8-A2D7-6D03A088C156}.Release|Any CPU.ActiveCfg = Release|Any CPU
		{14034A98-0724-4BC8-A2D7-6D03A088C156}.Release|Any CPU.Build.0 = Release|Any CPU
	EndGlobalSection
	GlobalSection(SolutionProperties) = preSolution
		HideSolutionNode = FALSE
	EndGlobalSection
	GlobalSection(ExtensibilityGlobals) = postSolution
		SolutionGuid = {02F21CE2-F207-49CB-8E26-544F27621A5D}
	EndGlobalSection
EndGlobal
