
Microsoft Visual Studio Solution File, Format Version 12.00
# Visual Studio 15
VisualStudioVersion = 15.0.27130.2010
MinimumVisualStudioVersion = 10.0.40219.1
Project("{FAE04EC0-301F-11D3-BF4B-00C04F79EFBC}") = "T_030_OpenFile_Dialogs", "T_030_OpenFile_Dialogs\T_030_OpenFile_Dialogs.csproj", "{8E23EBAE-CA43-4FD8-9A57-DEF37DDF099B}"
EndProject
Global
	GlobalSection(SolutionConfigurationPlatforms) = preSolution
		Debug|Any CPU = Debug|Any CPU
		Release|Any CPU = Release|Any CPU
	EndGlobalSection
	GlobalSection(ProjectConfigurationPlatforms) = postSolution
		{8E23EBAE-CA43-4FD8-9A57-DEF37DDF099B}.Debug|Any CPU.ActiveCfg = Debug|Any CPU
		{8E23EBAE-CA43-4FD8-9A57-DEF37DDF099B}.Debug|Any CPU.Build.0 = Debug|Any CPU
		{8E23EBAE-CA43-4FD8-9A57-DEF37DDF099B}.Release|Any CPU.ActiveCfg = Release|Any CPU
		{8E23EBAE-CA43-4FD8-9A57-DEF37DDF099B}.Release|Any CPU.Build.0 = Release|Any CPU
	EndGlobalSection
	GlobalSection(SolutionProperties) = preSolution
		HideSolutionNode = FALSE
	EndGlobalSection
	GlobalSection(ExtensibilityGlobals) = postSolution
		SolutionGuid = {C4C8721B-B5D9-4CDE-8175-48B4525D2CA6}
	EndGlobalSection
EndGlobal
