
Microsoft Visual Studio Solution File, Format Version 12.00
# Visual Studio 15
VisualStudioVersion = 15.0.27130.2010
MinimumVisualStudioVersion = 10.0.40219.1
Project("{FAE04EC0-301F-11D3-BF4B-00C04F79EFBC}") = "T_105_Making_Keyboard_ShortCuts", "T_105_Making_Keyboard_ShortCuts\T_105_Making_Keyboard_ShortCuts.csproj", "{D72C7101-B5C4-468C-AA7D-29E33B4B606D}"
EndProject
Global
	GlobalSection(SolutionConfigurationPlatforms) = preSolution
		Debug|Any CPU = Debug|Any CPU
		Release|Any CPU = Release|Any CPU
	EndGlobalSection
	GlobalSection(ProjectConfigurationPlatforms) = postSolution
		{D72C7101-B5C4-468C-AA7D-29E33B4B606D}.Debug|Any CPU.ActiveCfg = Debug|Any CPU
		{D72C7101-B5C4-468C-AA7D-29E33B4B606D}.Debug|Any CPU.Build.0 = Debug|Any CPU
		{D72C7101-B5C4-468C-AA7D-29E33B4B606D}.Release|Any CPU.ActiveCfg = Release|Any CPU
		{D72C7101-B5C4-468C-AA7D-29E33B4B606D}.Release|Any CPU.Build.0 = Release|Any CPU
	EndGlobalSection
	GlobalSection(SolutionProperties) = preSolution
		HideSolutionNode = FALSE
	EndGlobalSection
	GlobalSection(ExtensibilityGlobals) = postSolution
		SolutionGuid = {FE416844-46B5-4685-9D86-EBE4CDCCF70A}
	EndGlobalSection
EndGlobal
