
Microsoft Visual Studio Solution File, Format Version 12.00
# Visual Studio 15
VisualStudioVersion = 15.0.27130.2010
MinimumVisualStudioVersion = 10.0.40219.1
Project("{FAE04EC0-301F-11D3-BF4B-00C04F79EFBC}") = "T_000_49_Regular_Expressions_Example1", "T_000_49_Regular_Expressions_Example1\T_000_49_Regular_Expressions_Example1.csproj", "{B950F352-E598-4B70-95B7-BACEB9026FCB}"
EndProject
Global
	GlobalSection(SolutionConfigurationPlatforms) = preSolution
		Debug|Any CPU = Debug|Any CPU
		Release|Any CPU = Release|Any CPU
	EndGlobalSection
	GlobalSection(ProjectConfigurationPlatforms) = postSolution
		{B950F352-E598-4B70-95B7-BACEB9026FCB}.Debug|Any CPU.ActiveCfg = Debug|Any CPU
		{B950F352-E598-4B70-95B7-BACEB9026FCB}.Debug|Any CPU.Build.0 = Debug|Any CPU
		{B950F352-E598-4B70-95B7-BACEB9026FCB}.Release|Any CPU.ActiveCfg = Release|Any CPU
		{B950F352-E598-4B70-95B7-BACEB9026FCB}.Release|Any CPU.Build.0 = Release|Any CPU
	EndGlobalSection
	GlobalSection(SolutionProperties) = preSolution
		HideSolutionNode = FALSE
	EndGlobalSection
	GlobalSection(ExtensibilityGlobals) = postSolution
		SolutionGuid = {FFC23BBA-DC92-46A1-8E31-2945B8D5960B}
	EndGlobalSection
EndGlobal
