
Microsoft Visual Studio Solution File, Format Version 12.00
# Visual Studio 15
VisualStudioVersion = 15.0.27130.2010
MinimumVisualStudioVersion = 10.0.40219.1
Project("{FAE04EC0-301F-11D3-BF4B-00C04F79EFBC}") = "T_066_WPF_3D_Graphics_Using_Slider", "T_066_WPF_3D_Graphics_Using_Slider\T_066_WPF_3D_Graphics_Using_Slider.csproj", "{7BD88A0E-2761-4B3C-B88B-DAB9903524ED}"
EndProject
Global
	GlobalSection(SolutionConfigurationPlatforms) = preSolution
		Debug|Any CPU = Debug|Any CPU
		Release|Any CPU = Release|Any CPU
	EndGlobalSection
	GlobalSection(ProjectConfigurationPlatforms) = postSolution
		{7BD88A0E-2761-4B3C-B88B-DAB9903524ED}.Debug|Any CPU.ActiveCfg = Debug|Any CPU
		{7BD88A0E-2761-4B3C-B88B-DAB9903524ED}.Debug|Any CPU.Build.0 = Debug|Any CPU
		{7BD88A0E-2761-4B3C-B88B-DAB9903524ED}.Release|Any CPU.ActiveCfg = Release|Any CPU
		{7BD88A0E-2761-4B3C-B88B-DAB9903524ED}.Release|Any CPU.Build.0 = Release|Any CPU
	EndGlobalSection
	GlobalSection(SolutionProperties) = preSolution
		HideSolutionNode = FALSE
	EndGlobalSection
	GlobalSection(ExtensibilityGlobals) = postSolution
		SolutionGuid = {3D8623CF-0720-433A-A291-4F53D30C2944}
	EndGlobalSection
EndGlobal
