
Microsoft Visual Studio Solution File, Format Version 12.00
# Visual Studio 15
VisualStudioVersion = 15.0.27130.2010
MinimumVisualStudioVersion = 10.0.40219.1
Project("{FAE04EC0-301F-11D3-BF4B-00C04F79EFBC}") = "015_Export_DataGridView_To_Excel_File", "015_Export_DataGridView_To_Excel_File\015_Export_DataGridView_To_Excel_File.csproj", "{4868F174-EF81-4403-8CB8-EF1050F7CE0F}"
EndProject
Global
	GlobalSection(SolutionConfigurationPlatforms) = preSolution
		Debug|Any CPU = Debug|Any CPU
		Release|Any CPU = Release|Any CPU
	EndGlobalSection
	GlobalSection(ProjectConfigurationPlatforms) = postSolution
		{4868F174-EF81-4403-8CB8-EF1050F7CE0F}.Debug|Any CPU.ActiveCfg = Debug|Any CPU
		{4868F174-EF81-4403-8CB8-EF1050F7CE0F}.Debug|Any CPU.Build.0 = Debug|Any CPU
		{4868F174-EF81-4403-8CB8-EF1050F7CE0F}.Release|Any CPU.ActiveCfg = Release|Any CPU
		{4868F174-EF81-4403-8CB8-EF1050F7CE0F}.Release|Any CPU.Build.0 = Release|Any CPU
	EndGlobalSection
	GlobalSection(SolutionProperties) = preSolution
		HideSolutionNode = FALSE
	EndGlobalSection
	GlobalSection(ExtensibilityGlobals) = postSolution
		SolutionGuid = {7B85F0C6-D2A2-41A3-AB4F-AD13980BEA3F}
	EndGlobalSection
EndGlobal
