
Microsoft Visual Studio Solution File, Format Version 12.00
# Visual Studio 15
VisualStudioVersion = 15.0.27130.2010
MinimumVisualStudioVersion = 10.0.40219.1
Project("{FAE04EC0-301F-11D3-BF4B-00C04F79EFBC}") = "T_000_17_Continue", "T_000_17_Continue\T_000_17_Continue.csproj", "{59D0F227-C94E-4597-9EA4-2322DCF2FBDA}"
EndProject
Global
	GlobalSection(SolutionConfigurationPlatforms) = preSolution
		Debug|Any CPU = Debug|Any CPU
		Release|Any CPU = Release|Any CPU
	EndGlobalSection
	GlobalSection(ProjectConfigurationPlatforms) = postSolution
		{59D0F227-C94E-4597-9EA4-2322DCF2FBDA}.Debug|Any CPU.ActiveCfg = Debug|Any CPU
		{59D0F227-C94E-4597-9EA4-2322DCF2FBDA}.Debug|Any CPU.Build.0 = Debug|Any CPU
		{59D0F227-C94E-4597-9EA4-2322DCF2FBDA}.Release|Any CPU.ActiveCfg = Release|Any CPU
		{59D0F227-C94E-4597-9EA4-2322DCF2FBDA}.Release|Any CPU.Build.0 = Release|Any CPU
	EndGlobalSection
	GlobalSection(SolutionProperties) = preSolution
		HideSolutionNode = FALSE
	EndGlobalSection
	GlobalSection(ExtensibilityGlobals) = postSolution
		SolutionGuid = {309288B3-2BF3-44C2-B0B5-E2D7516FB177}
	EndGlobalSection
EndGlobal
