
Microsoft Visual Studio Solution File, Format Version 12.00
# Visual Studio 15
VisualStudioVersion = 15.0.27130.2010
MinimumVisualStudioVersion = 10.0.40219.1
Project("{FAE04EC0-301F-11D3-BF4B-00C04F79EFBC}") = "T_042_WPF_Multi_Touch", "T_042_WPF_Multi_Touch\T_042_WPF_Multi_Touch.csproj", "{3DB916E1-10C6-4E8D-9015-E06F48885167}"
EndProject
Global
	GlobalSection(SolutionConfigurationPlatforms) = preSolution
		Debug|Any CPU = Debug|Any CPU
		Release|Any CPU = Release|Any CPU
	EndGlobalSection
	GlobalSection(ProjectConfigurationPlatforms) = postSolution
		{3DB916E1-10C6-4E8D-9015-E06F48885167}.Debug|Any CPU.ActiveCfg = Debug|Any CPU
		{3DB916E1-10C6-4E8D-9015-E06F48885167}.Debug|Any CPU.Build.0 = Debug|Any CPU
		{3DB916E1-10C6-4E8D-9015-E06F48885167}.Release|Any CPU.ActiveCfg = Release|Any CPU
		{3DB916E1-10C6-4E8D-9015-E06F48885167}.Release|Any CPU.Build.0 = Release|Any CPU
	EndGlobalSection
	GlobalSection(SolutionProperties) = preSolution
		HideSolutionNode = FALSE
	EndGlobalSection
	GlobalSection(ExtensibilityGlobals) = postSolution
		SolutionGuid = {79B1DA99-A0B8-4B4D-BE0B-E7268F072103}
	EndGlobalSection
EndGlobal
