
Microsoft Visual Studio Solution File, Format Version 12.00
# Visual Studio 15
VisualStudioVersion = 15.0.27130.2010
MinimumVisualStudioVersion = 10.0.40219.1
Project("{FAE04EC0-301F-11D3-BF4B-00C04F79EFBC}") = "T_000_23_Nullables", "T_000_23_Nullables\T_000_23_Nullables.csproj", "{339CB32B-1656-4AD6-8F46-FC1D5F89AF0E}"
EndProject
Global
	GlobalSection(SolutionConfigurationPlatforms) = preSolution
		Debug|Any CPU = Debug|Any CPU
		Release|Any CPU = Release|Any CPU
	EndGlobalSection
	GlobalSection(ProjectConfigurationPlatforms) = postSolution
		{339CB32B-1656-4AD6-8F46-FC1D5F89AF0E}.Debug|Any CPU.ActiveCfg = Debug|Any CPU
		{339CB32B-1656-4AD6-8F46-FC1D5F89AF0E}.Debug|Any CPU.Build.0 = Debug|Any CPU
		{339CB32B-1656-4AD6-8F46-FC1D5F89AF0E}.Release|Any CPU.ActiveCfg = Release|Any CPU
		{339CB32B-1656-4AD6-8F46-FC1D5F89AF0E}.Release|Any CPU.Build.0 = Release|Any CPU
	EndGlobalSection
	GlobalSection(SolutionProperties) = preSolution
		HideSolutionNode = FALSE
	EndGlobalSection
	GlobalSection(ExtensibilityGlobals) = postSolution
		SolutionGuid = {D31C98AC-3E53-4AFC-9A2C-ED6E0D54DB65}
	EndGlobalSection
EndGlobal
