
Microsoft Visual Studio Solution File, Format Version 12.00
# Visual Studio 15
VisualStudioVersion = 15.0.27130.2010
MinimumVisualStudioVersion = 10.0.40219.1
Project("{FAE04EC0-301F-11D3-BF4B-00C04F79EFBC}") = "T_000_53_Creating_User-Defined_Exceptions", "T_000_53_Creating_User-Defined_Exceptions\T_000_53_Creating_User-Defined_Exceptions.csproj", "{5CCBB149-8659-4631-8B24-D932C26CE978}"
EndProject
Global
	GlobalSection(SolutionConfigurationPlatforms) = preSolution
		Debug|Any CPU = Debug|Any CPU
		Release|Any CPU = Release|Any CPU
	EndGlobalSection
	GlobalSection(ProjectConfigurationPlatforms) = postSolution
		{5CCBB149-8659-4631-8B24-D932C26CE978}.Debug|Any CPU.ActiveCfg = Debug|Any CPU
		{5CCBB149-8659-4631-8B24-D932C26CE978}.Debug|Any CPU.Build.0 = Debug|Any CPU
		{5CCBB149-8659-4631-8B24-D932C26CE978}.Release|Any CPU.ActiveCfg = Release|Any CPU
		{5CCBB149-8659-4631-8B24-D932C26CE978}.Release|Any CPU.Build.0 = Release|Any CPU
	EndGlobalSection
	GlobalSection(SolutionProperties) = preSolution
		HideSolutionNode = FALSE
	EndGlobalSection
	GlobalSection(ExtensibilityGlobals) = postSolution
		SolutionGuid = {CF8ED42C-AD1C-4E4E-999E-82571F7838E9}
	EndGlobalSection
EndGlobal
