
Microsoft Visual Studio Solution File, Format Version 12.00
# Visual Studio 15
VisualStudioVersion = 15.0.27130.2010
MinimumVisualStudioVersion = 10.0.40219.1
Project("{FAE04EC0-301F-11D3-BF4B-00C04F79EFBC}") = "T_019_Propeties", "T_019_Propeties\T_019_Propeties.csproj", "{37D4FD3D-437E-4FD6-AEC7-2DDEDF341AD9}"
EndProject
Global
	GlobalSection(SolutionConfigurationPlatforms) = preSolution
		Debug|Any CPU = Debug|Any CPU
		Release|Any CPU = Release|Any CPU
	EndGlobalSection
	GlobalSection(ProjectConfigurationPlatforms) = postSolution
		{37D4FD3D-437E-4FD6-AEC7-2DDEDF341AD9}.Debug|Any CPU.ActiveCfg = Debug|Any CPU
		{37D4FD3D-437E-4FD6-AEC7-2DDEDF341AD9}.Debug|Any CPU.Build.0 = Debug|Any CPU
		{37D4FD3D-437E-4FD6-AEC7-2DDEDF341AD9}.Release|Any CPU.ActiveCfg = Release|Any CPU
		{37D4FD3D-437E-4FD6-AEC7-2DDEDF341AD9}.Release|Any CPU.Build.0 = Release|Any CPU
	EndGlobalSection
	GlobalSection(SolutionProperties) = preSolution
		HideSolutionNode = FALSE
	EndGlobalSection
	GlobalSection(ExtensibilityGlobals) = postSolution
		SolutionGuid = {684FD187-BCDA-4888-94A2-9AB87C8B5563}
	EndGlobalSection
EndGlobal
