
Microsoft Visual Studio Solution File, Format Version 12.00
# Visual Studio 15
VisualStudioVersion = 15.0.27130.2010
MinimumVisualStudioVersion = 10.0.40219.1
Project("{FAE04EC0-301F-11D3-BF4B-00C04F79EFBC}") = "T_040_WPF_Keyboard", "T_040_WPF_Keyboard\T_040_WPF_Keyboard.csproj", "{2C511EF4-860D-4048-B633-5EDCFD9E8CFE}"
EndProject
Global
	GlobalSection(SolutionConfigurationPlatforms) = preSolution
		Debug|Any CPU = Debug|Any CPU
		Release|Any CPU = Release|Any CPU
	EndGlobalSection
	GlobalSection(ProjectConfigurationPlatforms) = postSolution
		{2C511EF4-860D-4048-B633-5EDCFD9E8CFE}.Debug|Any CPU.ActiveCfg = Debug|Any CPU
		{2C511EF4-860D-4048-B633-5EDCFD9E8CFE}.Debug|Any CPU.Build.0 = Debug|Any CPU
		{2C511EF4-860D-4048-B633-5EDCFD9E8CFE}.Release|Any CPU.ActiveCfg = Release|Any CPU
		{2C511EF4-860D-4048-B633-5EDCFD9E8CFE}.Release|Any CPU.Build.0 = Release|Any CPU
	EndGlobalSection
	GlobalSection(SolutionProperties) = preSolution
		HideSolutionNode = FALSE
	EndGlobalSection
	GlobalSection(ExtensibilityGlobals) = postSolution
		SolutionGuid = {93731EB3-DCDB-4002-9CD5-0D13F9AA0AA1}
	EndGlobalSection
EndGlobal
