
Microsoft Visual Studio Solution File, Format Version 12.00
# Visual Studio 15
VisualStudioVersion = 15.0.27130.2010
MinimumVisualStudioVersion = 10.0.40219.1
Project("{FAE04EC0-301F-11D3-BF4B-00C04F79EFBC}") = "Design_Pattern_019_Observer_Real_World_Code", "Design_Pattern_019_Observer_Real_World_Code\Design_Pattern_019_Observer_Real_World_Code.csproj", "{D1915F51-FFAE-4BE8-99A9-8C065F690885}"
EndProject
Global
	GlobalSection(SolutionConfigurationPlatforms) = preSolution
		Debug|Any CPU = Debug|Any CPU
		Release|Any CPU = Release|Any CPU
	EndGlobalSection
	GlobalSection(ProjectConfigurationPlatforms) = postSolution
		{D1915F51-FFAE-4BE8-99A9-8C065F690885}.Debug|Any CPU.ActiveCfg = Debug|Any CPU
		{D1915F51-FFAE-4BE8-99A9-8C065F690885}.Debug|Any CPU.Build.0 = Debug|Any CPU
		{D1915F51-FFAE-4BE8-99A9-8C065F690885}.Release|Any CPU.ActiveCfg = Release|Any CPU
		{D1915F51-FFAE-4BE8-99A9-8C065F690885}.Release|Any CPU.Build.0 = Release|Any CPU
	EndGlobalSection
	GlobalSection(SolutionProperties) = preSolution
		HideSolutionNode = FALSE
	EndGlobalSection
	GlobalSection(ExtensibilityGlobals) = postSolution
		SolutionGuid = {1458D764-68CE-4311-B7CC-5AAD81962306}
	EndGlobalSection
EndGlobal
