
Microsoft Visual Studio Solution File, Format Version 12.00
# Visual Studio 15
VisualStudioVersion = 15.0.27130.2010
MinimumVisualStudioVersion = 10.0.40219.1
Project("{FAE04EC0-301F-11D3-BF4B-00C04F79EFBC}") = "T_034_BinaryReader", "T_034_BinaryReader\T_034_BinaryReader.csproj", "{C9720762-C8D4-4598-90F3-0E2F88F1D482}"
EndProject
Global
	GlobalSection(SolutionConfigurationPlatforms) = preSolution
		Debug|Any CPU = Debug|Any CPU
		Release|Any CPU = Release|Any CPU
	EndGlobalSection
	GlobalSection(ProjectConfigurationPlatforms) = postSolution
		{C9720762-C8D4-4598-90F3-0E2F88F1D482}.Debug|Any CPU.ActiveCfg = Debug|Any CPU
		{C9720762-C8D4-4598-90F3-0E2F88F1D482}.Debug|Any CPU.Build.0 = Debug|Any CPU
		{C9720762-C8D4-4598-90F3-0E2F88F1D482}.Release|Any CPU.ActiveCfg = Release|Any CPU
		{C9720762-C8D4-4598-90F3-0E2F88F1D482}.Release|Any CPU.Build.0 = Release|Any CPU
	EndGlobalSection
	GlobalSection(SolutionProperties) = preSolution
		HideSolutionNode = FALSE
	EndGlobalSection
	GlobalSection(ExtensibilityGlobals) = postSolution
		SolutionGuid = {1566734D-C538-4794-B587-F15128E1C44C}
	EndGlobalSection
EndGlobal
