
Microsoft Visual Studio Solution File, Format Version 12.00
# Visual Studio 15
VisualStudioVersion = 15.0.27130.2010
MinimumVisualStudioVersion = 10.0.40219.1
Project("{FAE04EC0-301F-11D3-BF4B-00C04F79EFBC}") = "T_089_TrippleDES_Encryption", "T_089_TrippleDES_Encryption\T_089_TrippleDES_Encryption.csproj", "{F92E5D21-2FCC-436C-90E6-0494C16F349B}"
EndProject
Global
	GlobalSection(SolutionConfigurationPlatforms) = preSolution
		Debug|Any CPU = Debug|Any CPU
		Release|Any CPU = Release|Any CPU
	EndGlobalSection
	GlobalSection(ProjectConfigurationPlatforms) = postSolution
		{F92E5D21-2FCC-436C-90E6-0494C16F349B}.Debug|Any CPU.ActiveCfg = Debug|Any CPU
		{F92E5D21-2FCC-436C-90E6-0494C16F349B}.Debug|Any CPU.Build.0 = Debug|Any CPU
		{F92E5D21-2FCC-436C-90E6-0494C16F349B}.Release|Any CPU.ActiveCfg = Release|Any CPU
		{F92E5D21-2FCC-436C-90E6-0494C16F349B}.Release|Any CPU.Build.0 = Release|Any CPU
	EndGlobalSection
	GlobalSection(SolutionProperties) = preSolution
		HideSolutionNode = FALSE
	EndGlobalSection
	GlobalSection(ExtensibilityGlobals) = postSolution
		SolutionGuid = {72D392AE-55DF-4990-9094-17D00BAC58B9}
	EndGlobalSection
EndGlobal
