
Microsoft Visual Studio Solution File, Format Version 12.00
# Visual Studio 15
VisualStudioVersion = 15.0.27130.2010
MinimumVisualStudioVersion = 10.0.40219.1
Project("{FAE04EC0-301F-11D3-BF4B-00C04F79EFBC}") = "T_111_Optional_Parameters", "T_111_Optional_Parameters\T_111_Optional_Parameters.csproj", "{12209350-CB2C-46AB-A203-5BF5D72E6ACD}"
EndProject
Global
	GlobalSection(SolutionConfigurationPlatforms) = preSolution
		Debug|Any CPU = Debug|Any CPU
		Release|Any CPU = Release|Any CPU
	EndGlobalSection
	GlobalSection(ProjectConfigurationPlatforms) = postSolution
		{12209350-CB2C-46AB-A203-5BF5D72E6ACD}.Debug|Any CPU.ActiveCfg = Debug|Any CPU
		{12209350-CB2C-46AB-A203-5BF5D72E6ACD}.Debug|Any CPU.Build.0 = Debug|Any CPU
		{12209350-CB2C-46AB-A203-5BF5D72E6ACD}.Release|Any CPU.ActiveCfg = Release|Any CPU
		{12209350-CB2C-46AB-A203-5BF5D72E6ACD}.Release|Any CPU.Build.0 = Release|Any CPU
	EndGlobalSection
	GlobalSection(SolutionProperties) = preSolution
		HideSolutionNode = FALSE
	EndGlobalSection
	GlobalSection(ExtensibilityGlobals) = postSolution
		SolutionGuid = {0ED5545D-D9B4-47CC-B194-F001155561E0}
	EndGlobalSection
EndGlobal
