
Microsoft Visual Studio Solution File, Format Version 12.00
# Visual Studio 15
VisualStudioVersion = 15.0.27130.2010
MinimumVisualStudioVersion = 10.0.40219.1
Project("{FAE04EC0-301F-11D3-BF4B-00C04F79EFBC}") = "T_064_Timer_Control", "T_064_Timer_Control\T_064_Timer_Control.csproj", "{3D2F0799-2FC4-4C29-B92A-FF948A3103C3}"
EndProject
Global
	GlobalSection(SolutionConfigurationPlatforms) = preSolution
		Debug|Any CPU = Debug|Any CPU
		Release|Any CPU = Release|Any CPU
	EndGlobalSection
	GlobalSection(ProjectConfigurationPlatforms) = postSolution
		{3D2F0799-2FC4-4C29-B92A-FF948A3103C3}.Debug|Any CPU.ActiveCfg = Debug|Any CPU
		{3D2F0799-2FC4-4C29-B92A-FF948A3103C3}.Debug|Any CPU.Build.0 = Debug|Any CPU
		{3D2F0799-2FC4-4C29-B92A-FF948A3103C3}.Release|Any CPU.ActiveCfg = Release|Any CPU
		{3D2F0799-2FC4-4C29-B92A-FF948A3103C3}.Release|Any CPU.Build.0 = Release|Any CPU
	EndGlobalSection
	GlobalSection(SolutionProperties) = preSolution
		HideSolutionNode = FALSE
	EndGlobalSection
	GlobalSection(ExtensibilityGlobals) = postSolution
		SolutionGuid = {B464C010-BBB5-4D2A-88DD-7F7D81D367EC}
	EndGlobalSection
EndGlobal
