
Microsoft Visual Studio Solution File, Format Version 12.00
# Visual Studio 15
VisualStudioVersion = 15.0.27130.2010
MinimumVisualStudioVersion = 10.0.40219.1
Project("{FAE04EC0-301F-11D3-BF4B-00C04F79EFBC}") = "T_047_WPF_Resource_Scope", "T_047_WPF_Resource_Scope\T_047_WPF_Resource_Scope.csproj", "{FFE25C2D-FFAF-432B-91A4-94409EC067DD}"
EndProject
Global
	GlobalSection(SolutionConfigurationPlatforms) = preSolution
		Debug|Any CPU = Debug|Any CPU
		Release|Any CPU = Release|Any CPU
	EndGlobalSection
	GlobalSection(ProjectConfigurationPlatforms) = postSolution
		{FFE25C2D-FFAF-432B-91A4-94409EC067DD}.Debug|Any CPU.ActiveCfg = Debug|Any CPU
		{FFE25C2D-FFAF-432B-91A4-94409EC067DD}.Debug|Any CPU.Build.0 = Debug|Any CPU
		{FFE25C2D-FFAF-432B-91A4-94409EC067DD}.Release|Any CPU.ActiveCfg = Release|Any CPU
		{FFE25C2D-FFAF-432B-91A4-94409EC067DD}.Release|Any CPU.Build.0 = Release|Any CPU
	EndGlobalSection
	GlobalSection(SolutionProperties) = preSolution
		HideSolutionNode = FALSE
	EndGlobalSection
	GlobalSection(ExtensibilityGlobals) = postSolution
		SolutionGuid = {502A8110-B553-4CF5-96AF-55D96FCBC7AF}
	EndGlobalSection
EndGlobal
