
Microsoft Visual Studio Solution File, Format Version 12.00
# Visual Studio 15
VisualStudioVersion = 15.0.27130.2010
MinimumVisualStudioVersion = 10.0.40219.1
Project("{FAE04EC0-301F-11D3-BF4B-00C04F79EFBC}") = "T_009_Arrays", "T_009_Arrays\T_009_Arrays.csproj", "{7AABE9C6-D134-40C1-8E72-DE1E9D2186B5}"
EndProject
Global
	GlobalSection(SolutionConfigurationPlatforms) = preSolution
		Debug|Any CPU = Debug|Any CPU
		Release|Any CPU = Release|Any CPU
	EndGlobalSection
	GlobalSection(ProjectConfigurationPlatforms) = postSolution
		{7AABE9C6-D134-40C1-8E72-DE1E9D2186B5}.Debug|Any CPU.ActiveCfg = Debug|Any CPU
		{7AABE9C6-D134-40C1-8E72-DE1E9D2186B5}.Debug|Any CPU.Build.0 = Debug|Any CPU
		{7AABE9C6-D134-40C1-8E72-DE1E9D2186B5}.Release|Any CPU.ActiveCfg = Release|Any CPU
		{7AABE9C6-D134-40C1-8E72-DE1E9D2186B5}.Release|Any CPU.Build.0 = Release|Any CPU
	EndGlobalSection
	GlobalSection(SolutionProperties) = preSolution
		HideSolutionNode = FALSE
	EndGlobalSection
	GlobalSection(ExtensibilityGlobals) = postSolution
		SolutionGuid = {E9186FF4-ED5B-4821-9060-CEB9C6BC7AC6}
	EndGlobalSection
EndGlobal
