
Microsoft Visual Studio Solution File, Format Version 12.00
# Visual Studio 15
VisualStudioVersion = 15.0.27130.2010
MinimumVisualStudioVersion = 10.0.40219.1
Project("{FAE04EC0-301F-11D3-BF4B-00C04F79EFBC}") = "021_ListView_Control", "021_ListView_Control\021_ListView_Control.csproj", "{33A4F577-2EB5-4648-B82E-FC1B774B84AF}"
EndProject
Global
	GlobalSection(SolutionConfigurationPlatforms) = preSolution
		Debug|Any CPU = Debug|Any CPU
		Release|Any CPU = Release|Any CPU
	EndGlobalSection
	GlobalSection(ProjectConfigurationPlatforms) = postSolution
		{33A4F577-2EB5-4648-B82E-FC1B774B84AF}.Debug|Any CPU.ActiveCfg = Debug|Any CPU
		{33A4F577-2EB5-4648-B82E-FC1B774B84AF}.Debug|Any CPU.Build.0 = Debug|Any CPU
		{33A4F577-2EB5-4648-B82E-FC1B774B84AF}.Release|Any CPU.ActiveCfg = Release|Any CPU
		{33A4F577-2EB5-4648-B82E-FC1B774B84AF}.Release|Any CPU.Build.0 = Release|Any CPU
	EndGlobalSection
	GlobalSection(SolutionProperties) = preSolution
		HideSolutionNode = FALSE
	EndGlobalSection
	GlobalSection(ExtensibilityGlobals) = postSolution
		SolutionGuid = {1235A8DC-2F4B-43D5-BB89-44A5419EE73E}
	EndGlobalSection
EndGlobal
