
Microsoft Visual Studio Solution File, Format Version 12.00
# Visual Studio 15
VisualStudioVersion = 15.0.27130.2010
MinimumVisualStudioVersion = 10.0.40219.1
Project("{FAE04EC0-301F-11D3-BF4B-00C04F79EFBC}") = "T_079_Accessing_All_Control", "T_079_Accessing_All_Control\T_079_Accessing_All_Control.csproj", "{C56C2779-242E-4FCB-87EE-B871F97E80E3}"
EndProject
Global
	GlobalSection(SolutionConfigurationPlatforms) = preSolution
		Debug|Any CPU = Debug|Any CPU
		Release|Any CPU = Release|Any CPU
	EndGlobalSection
	GlobalSection(ProjectConfigurationPlatforms) = postSolution
		{C56C2779-242E-4FCB-87EE-B871F97E80E3}.Debug|Any CPU.ActiveCfg = Debug|Any CPU
		{C56C2779-242E-4FCB-87EE-B871F97E80E3}.Debug|Any CPU.Build.0 = Debug|Any CPU
		{C56C2779-242E-4FCB-87EE-B871F97E80E3}.Release|Any CPU.ActiveCfg = Release|Any CPU
		{C56C2779-242E-4FCB-87EE-B871F97E80E3}.Release|Any CPU.Build.0 = Release|Any CPU
	EndGlobalSection
	GlobalSection(SolutionProperties) = preSolution
		HideSolutionNode = FALSE
	EndGlobalSection
	GlobalSection(ExtensibilityGlobals) = postSolution
		SolutionGuid = {E05588F2-0EAF-46D6-A009-8638790C0A78}
	EndGlobalSection
EndGlobal
