
Microsoft Visual Studio Solution File, Format Version 12.00
# Visual Studio 15
VisualStudioVersion = 15.0.27130.2010
MinimumVisualStudioVersion = 10.0.40219.1
Project("{FAE04EC0-301F-11D3-BF4B-00C04F79EFBC}") = "T_000_12_While_loops", "T_000_12_While_loops\T_000_12_While_loops.csproj", "{D3C98DE7-B6C7-442F-AA11-2C6827CDB3F2}"
EndProject
Global
	GlobalSection(SolutionConfigurationPlatforms) = preSolution
		Debug|Any CPU = Debug|Any CPU
		Release|Any CPU = Release|Any CPU
	EndGlobalSection
	GlobalSection(ProjectConfigurationPlatforms) = postSolution
		{D3C98DE7-B6C7-442F-AA11-2C6827CDB3F2}.Debug|Any CPU.ActiveCfg = Debug|Any CPU
		{D3C98DE7-B6C7-442F-AA11-2C6827CDB3F2}.Debug|Any CPU.Build.0 = Debug|Any CPU
		{D3C98DE7-B6C7-442F-AA11-2C6827CDB3F2}.Release|Any CPU.ActiveCfg = Release|Any CPU
		{D3C98DE7-B6C7-442F-AA11-2C6827CDB3F2}.Release|Any CPU.Build.0 = Release|Any CPU
	EndGlobalSection
	GlobalSection(SolutionProperties) = preSolution
		HideSolutionNode = FALSE
	EndGlobalSection
	GlobalSection(ExtensibilityGlobals) = postSolution
		SolutionGuid = {626A6DD3-FFF2-4DD8-B871-52D8AEA4C651}
	EndGlobalSection
EndGlobal
