
Microsoft Visual Studio Solution File, Format Version 12.00
# Visual Studio 15
VisualStudioVersion = 15.0.27130.2010
MinimumVisualStudioVersion = 10.0.40219.1
Project("{FAE04EC0-301F-11D3-BF4B-00C04F79EFBC}") = "T_000_69_SortedList", "T_000_69_SortedList\T_000_69_SortedList.csproj", "{61CFD4ED-C864-4D2B-AF32-65A387B91F50}"
EndProject
Global
	GlobalSection(SolutionConfigurationPlatforms) = preSolution
		Debug|Any CPU = Debug|Any CPU
		Release|Any CPU = Release|Any CPU
	EndGlobalSection
	GlobalSection(ProjectConfigurationPlatforms) = postSolution
		{61CFD4ED-C864-4D2B-AF32-65A387B91F50}.Debug|Any CPU.ActiveCfg = Debug|Any CPU
		{61CFD4ED-C864-4D2B-AF32-65A387B91F50}.Debug|Any CPU.Build.0 = Debug|Any CPU
		{61CFD4ED-C864-4D2B-AF32-65A387B91F50}.Release|Any CPU.ActiveCfg = Release|Any CPU
		{61CFD4ED-C864-4D2B-AF32-65A387B91F50}.Release|Any CPU.Build.0 = Release|Any CPU
	EndGlobalSection
	GlobalSection(SolutionProperties) = preSolution
		HideSolutionNode = FALSE
	EndGlobalSection
	GlobalSection(ExtensibilityGlobals) = postSolution
		SolutionGuid = {92D77DBD-226C-4A13-85D3-6842863DD7E3}
	EndGlobalSection
EndGlobal
