
Microsoft Visual Studio Solution File, Format Version 12.00
# Visual Studio 15
VisualStudioVersion = 15.0.27130.2010
MinimumVisualStudioVersion = 10.0.40219.1
Project("{FAE04EC0-301F-11D3-BF4B-00C04F79EFBC}") = "T_072_ToolStrip_StatusStrip_Controls", "T_072_ToolStrip_StatusStrip_Controls\T_072_ToolStrip_StatusStrip_Controls.csproj", "{A7997119-1BE9-4F80-90DE-01C1AB64EA1F}"
EndProject
Global
	GlobalSection(SolutionConfigurationPlatforms) = preSolution
		Debug|Any CPU = Debug|Any CPU
		Release|Any CPU = Release|Any CPU
	EndGlobalSection
	GlobalSection(ProjectConfigurationPlatforms) = postSolution
		{A7997119-1BE9-4F80-90DE-01C1AB64EA1F}.Debug|Any CPU.ActiveCfg = Debug|Any CPU
		{A7997119-1BE9-4F80-90DE-01C1AB64EA1F}.Debug|Any CPU.Build.0 = Debug|Any CPU
		{A7997119-1BE9-4F80-90DE-01C1AB64EA1F}.Release|Any CPU.ActiveCfg = Release|Any CPU
		{A7997119-1BE9-4F80-90DE-01C1AB64EA1F}.Release|Any CPU.Build.0 = Release|Any CPU
	EndGlobalSection
	GlobalSection(SolutionProperties) = preSolution
		HideSolutionNode = FALSE
	EndGlobalSection
	GlobalSection(ExtensibilityGlobals) = postSolution
		SolutionGuid = {8DA0EC52-4C14-4A4D-8CB3-C524B634434D}
	EndGlobalSection
EndGlobal
