
Microsoft Visual Studio Solution File, Format Version 12.00
# Visual Studio 15
VisualStudioVersion = 15.0.27130.2010
MinimumVisualStudioVersion = 10.0.40219.1
Project("{FAE04EC0-301F-11D3-BF4B-00C04F79EFBC}") = "T_119_ICloneable", "T_119_ICloneable\T_119_ICloneable.csproj", "{0DE95A1C-6F1F-4AB7-B0C3-58D6D717A0D4}"
EndProject
Global
	GlobalSection(SolutionConfigurationPlatforms) = preSolution
		Debug|Any CPU = Debug|Any CPU
		Release|Any CPU = Release|Any CPU
	EndGlobalSection
	GlobalSection(ProjectConfigurationPlatforms) = postSolution
		{0DE95A1C-6F1F-4AB7-B0C3-58D6D717A0D4}.Debug|Any CPU.ActiveCfg = Debug|Any CPU
		{0DE95A1C-6F1F-4AB7-B0C3-58D6D717A0D4}.Debug|Any CPU.Build.0 = Debug|Any CPU
		{0DE95A1C-6F1F-4AB7-B0C3-58D6D717A0D4}.Release|Any CPU.ActiveCfg = Release|Any CPU
		{0DE95A1C-6F1F-4AB7-B0C3-58D6D717A0D4}.Release|Any CPU.Build.0 = Release|Any CPU
	EndGlobalSection
	GlobalSection(SolutionProperties) = preSolution
		HideSolutionNode = FALSE
	EndGlobalSection
	GlobalSection(ExtensibilityGlobals) = postSolution
		SolutionGuid = {F73658CB-6D7A-4B92-A22D-A4DCABFED4DD}
	EndGlobalSection
EndGlobal
