
Microsoft Visual Studio Solution File, Format Version 12.00
# Visual Studio 15
VisualStudioVersion = 15.0.27130.2010
MinimumVisualStudioVersion = 10.0.40219.1
Project("{FAE04EC0-301F-11D3-BF4B-00C04F79EFBC}") = "T_098_Inheriting_From_Existing_Controls", "T_098_Inheriting_From_Existing_Controls\T_098_Inheriting_From_Existing_Controls.csproj", "{E61A1179-8861-455D-A014-22224C38E6FA}"
EndProject
Global
	GlobalSection(SolutionConfigurationPlatforms) = preSolution
		Debug|Any CPU = Debug|Any CPU
		Release|Any CPU = Release|Any CPU
	EndGlobalSection
	GlobalSection(ProjectConfigurationPlatforms) = postSolution
		{E61A1179-8861-455D-A014-22224C38E6FA}.Debug|Any CPU.ActiveCfg = Debug|Any CPU
		{E61A1179-8861-455D-A014-22224C38E6FA}.Debug|Any CPU.Build.0 = Debug|Any CPU
		{E61A1179-8861-455D-A014-22224C38E6FA}.Release|Any CPU.ActiveCfg = Release|Any CPU
		{E61A1179-8861-455D-A014-22224C38E6FA}.Release|Any CPU.Build.0 = Release|Any CPU
	EndGlobalSection
	GlobalSection(SolutionProperties) = preSolution
		HideSolutionNode = FALSE
	EndGlobalSection
	GlobalSection(ExtensibilityGlobals) = postSolution
		SolutionGuid = {5A976291-1007-48E1-A9C4-17FD51832854}
	EndGlobalSection
EndGlobal
